
Microsoft Visual Studio Solution File, Format Version 12.00
# Visual Studio Version 17
VisualStudioVersion = 17.0.31903.59
MinimumVisualStudioVersion = 10.0.40219.1
Project("{2150E333-8FDC-42A3-9474-1A3956D46DE8}") = "src", "src", "{827E0CD3-B72D-47B6-A68D-7590B98EB39B}"
EndProject
Project("{2150E333-8FDC-42A3-9474-1A3956D46DE8}") = "Bootstrap", "Bootstrap", "{12A084A0-B93E-423A-6F6B-2DD437B5DD75}"
EndProject
Project("{FAE04EC0-301F-11D3-BF4B-00C04F79EFBC}") = "Bootstrap.Api", "src\Bootstrap\Bootstrap.Api\Bootstrap.Api.csproj", "{B137764D-4839-4377-BB7B-F2313D3E3E7B}"
EndProject
Project("{2150E333-8FDC-42A3-9474-1A3956D46DE8}") = "tests", "tests", "{0AB3BF05-4346-4AA6-1389-037BE0695223}"
EndProject
Project("{FAE04EC0-301F-11D3-BF4B-00C04F79EFBC}") = "Bootstrap.UnitTests", "tests\Bootstrap.UnitTests\Bootstrap.UnitTests.csproj", "{3C6E0A3B-411E-437C-994B-7C9A70AA43DE}"
EndProject
Project("{2150E333-8FDC-42A3-9474-1A3956D46DE8}") = "BuildingBlocks", "BuildingBlocks", "{90298CBA-BD6F-3A0A-69D5-97CAD7B05E7E}"
EndProject
Project("{FAE04EC0-301F-11D3-BF4B-00C04F79EFBC}") = "BuildingBlocks.ServiceDefaults", "src\BuildingBlocks\BuildingBlocks.ServiceDefaults\BuildingBlocks.ServiceDefaults.csproj", "{387768DF-BBF6-48D1-9E78-F0746F134A7C}"
EndProject
Project("{2150E333-8FDC-42A3-9474-1A3956D46DE8}") = "Web", "Web", "{03997797-E7F5-0643-168D-B8EA7178C2FE}"
EndProject
Project("{FAE04EC0-301F-11D3-BF4B-00C04F79EFBC}") = "Web.Bff", "src\Web\Web.Bff\Web.Bff.csproj", "{A44C394D-DF0E-4818-B803-6BDFC03FAF3C}"
EndProject
Project("{2150E333-8FDC-42A3-9474-1A3956D46DE8}") = "Services", "Services", "{984BB9B3-3FA3-BE33-9484-CAC21695A33C}"
EndProject
Project("{2150E333-8FDC-42A3-9474-1A3956D46DE8}") = "Catalog", "Catalog", "{C91C1CF1-1625-0789-F869-53D87D6277BA}"
EndProject
Project("{FAE04EC0-301F-11D3-BF4B-00C04F79EFBC}") = "Catalog.Domain", "src\Services\Catalog\Catalog.Domain\Catalog.Domain.csproj", "{C9501CCD-8002-4268-B3E8-6AB34F26F496}"
EndProject
Project("{FAE04EC0-301F-11D3-BF4B-00C04F79EFBC}") = "Catalog.Application", "src\Services\Catalog\Catalog.Application\Catalog.Application.csproj", "{07E65829-5724-40E4-8C3D-B679AACF783E}"
EndProject
Project("{FAE04EC0-301F-11D3-BF4B-00C04F79EFBC}") = "Catalog.Infrastructure", "src\Services\Catalog\Catalog.Infrastructure\Catalog.Infrastructure.csproj", "{8DB7044E-6DB3-4ACB-9816-2F601EC61BCA}"
EndProject
Project("{FAE04EC0-301F-11D3-BF4B-00C04F79EFBC}") = "Catalog.Contracts", "src\Services\Catalog\Catalog.Contracts\Catalog.Contracts.csproj", "{759B4934-1F32-4A18-839B-5DF75D7700C5}"
EndProject
Project("{2150E333-8FDC-42A3-9474-1A3956D46DE8}") = "Ordering", "Ordering", "{D3BAB01C-7F3F-8576-96BE-8BE70C9B9915}"
EndProject
Project("{FAE04EC0-301F-11D3-BF4B-00C04F79EFBC}") = "Ordering.Contracts", "src\Services\Ordering\Ordering.Contracts\Ordering.Contracts.csproj", "{E811609A-AB7B-4496-B814-9E46EB0570C7}"
EndProject
Project("{FAE04EC0-301F-11D3-BF4B-00C04F79EFBC}") = "Catalog.Api", "src\Services\Catalog\Catalog.Api\Catalog.Api.csproj", "{D2641FF5-C448-4021-A893-8F5844BF7B6D}"
EndProject
Project("{FAE04EC0-301F-11D3-BF4B-00C04F79EFBC}") = "Ordering.Domain", "src\Services\Ordering\Ordering.Domain\Ordering.Domain.csproj", "{B67320B9-0199-460D-BD1E-A1F922B2CAF7}"
EndProject
Project("{FAE04EC0-301F-11D3-BF4B-00C04F79EFBC}") = "Ordering.Application", "src\Services\Ordering\Ordering.Application\Ordering.Application.csproj", "{A1E0B825-2C5F-46A3-BBA9-AED565EA4777}"
EndProject
Project("{FAE04EC0-301F-11D3-BF4B-00C04F79EFBC}") = "Ordering.Infrastructure", "src\Services\Ordering\Ordering.Infrastructure\Ordering.Infrastructure.csproj", "{25BA736A-3576-4C58-B0B0-A41E11DDE9E2}"
EndProject
Project("{FAE04EC0-301F-11D3-BF4B-00C04F79EFBC}") = "Ordering.Api", "src\Services\Ordering\Ordering.Api\Ordering.Api.csproj", "{0066B76B-FC9F-4F6A-B51B-18548ED54AB7}"
EndProject
Project("{2150E333-8FDC-42A3-9474-1A3956D46DE8}") = "Gateway", "Gateway", "{6306A8FB-679E-111F-6585-8F70E0EE6013}"
EndProject
Project("{FAE04EC0-301F-11D3-BF4B-00C04F79EFBC}") = "Gateway.Api", "src\Gateway\Gateway.Api\Gateway.Api.csproj", "{B6FC8DDE-E6E4-445C-8467-47F6BA2082A4}"
EndProject
Project("{2150E333-8FDC-42A3-9474-1A3956D46DE8}") = "Workers", "Workers", "{FE5F7021-A3C9-35C7-FF50-8DA81625868E}"
EndProject
Project("{2150E333-8FDC-42A3-9474-1A3956D46DE8}") = "Integration", "Integration", "{B3A31961-C33A-BA76-F2D4-83077095AA20}"
EndProject
Project("{FAE04EC0-301F-11D3-BF4B-00C04F79EFBC}") = "Integration.Worker", "src\Workers\Integration\Integration.Worker\Integration.Worker.csproj", "{0A68D070-74F5-4EA4-A335-E583F35C15EC}"
EndProject
Project("{FAE04EC0-301F-11D3-BF4B-00C04F79EFBC}") = "SharedKernel", "src\BuildingBlocks\SharedKernel\SharedKernel.csproj", "{77FB7518-0081-4230-A3BD-3F511C4C8585}"
EndProject
Project("{FAE04EC0-301F-11D3-BF4B-00C04F79EFBC}") = "BuildingBlocks.Validation", "src\BuildingBlocks\BuildingBlocks.Validation\BuildingBlocks.Validation.csproj", "{796DBCEC-433D-4F1A-9200-353698944070}"
EndProject
Project("{FAE04EC0-301F-11D3-BF4B-00C04F79EFBC}") = "BuildingBlocks.Security", "src\BuildingBlocks\BuildingBlocks.Security\BuildingBlocks.Security.csproj", "{0FD58F9F-BFA2-40EC-BDCC-3808F4BC732F}"
EndProject
Project("{2150E333-8FDC-42A3-9474-1A3956D46DE8}") = "Tools", "Tools", "{DCB6FCB8-FF92-AC57-0842-1F72A354D6B1}"
EndProject
Project("{FAE04EC0-301F-11D3-BF4B-00C04F79EFBC}") = "DevJwt", "src\Tools\DevJwt\DevJwt.csproj", "{17B0812C-F055-448F-B6F9-BA390F68B230}"
EndProject
Project("{FAE04EC0-301F-11D3-BF4B-00C04F79EFBC}") = "Api.ContractTests", "tests\Api.ContractTests\Api.ContractTests.csproj", "{5C32F42E-069B-405C-AA66-F764C4D16E07}"
EndProject
Global
	GlobalSection(SolutionConfigurationPlatforms) = preSolution
		Debug|Any CPU = Debug|Any CPU
		Debug|x64 = Debug|x64
		Debug|x86 = Debug|x86
		Release|Any CPU = Release|Any CPU
		Release|x64 = Release|x64
		Release|x86 = Release|x86
	EndGlobalSection
	GlobalSection(ProjectConfigurationPlatforms) = postSolution
		{B137764D-4839-4377-BB7B-F2313D3E3E7B}.Debug|Any CPU.ActiveCfg = Debug|Any CPU
		{B137764D-4839-4377-BB7B-F2313D3E3E7B}.Debug|Any CPU.Build.0 = Debug|Any CPU
		{B137764D-4839-4377-BB7B-F2313D3E3E7B}.Debug|x64.ActiveCfg = Debug|Any CPU
		{B137764D-4839-4377-BB7B-F2313D3E3E7B}.Debug|x64.Build.0 = Debug|Any CPU
		{B137764D-4839-4377-BB7B-F2313D3E3E7B}.Debug|x86.ActiveCfg = Debug|Any CPU
		{B137764D-4839-4377-BB7B-F2313D3E3E7B}.Debug|x86.Build.0 = Debug|Any CPU
		{B137764D-4839-4377-BB7B-F2313D3E3E7B}.Release|Any CPU.ActiveCfg = Release|Any CPU
		{B137764D-4839-4377-BB7B-F2313D3E3E7B}.Release|Any CPU.Build.0 = Release|Any CPU
		{B137764D-4839-4377-BB7B-F2313D3E3E7B}.Release|x64.ActiveCfg = Release|Any CPU
		{B137764D-4839-4377-BB7B-F2313D3E3E7B}.Release|x64.Build.0 = Release|Any CPU
		{B137764D-4839-4377-BB7B-F2313D3E3E7B}.Release|x86.ActiveCfg = Release|Any CPU
		{B137764D-4839-4377-BB7B-F2313D3E3E7B}.Release|x86.Build.0 = Release|Any CPU
		{3C6E0A3B-411E-437C-994B-7C9A70AA43DE}.Debug|Any CPU.ActiveCfg = Debug|Any CPU
		{3C6E0A3B-411E-437C-994B-7C9A70AA43DE}.Debug|Any CPU.Build.0 = Debug|Any CPU
		{3C6E0A3B-411E-437C-994B-7C9A70AA43DE}.Debug|x64.ActiveCfg = Debug|Any CPU
		{3C6E0A3B-411E-437C-994B-7C9A70AA43DE}.Debug|x64.Build.0 = Debug|Any CPU
		{3C6E0A3B-411E-437C-994B-7C9A70AA43DE}.Debug|x86.ActiveCfg = Debug|Any CPU
		{3C6E0A3B-411E-437C-994B-7C9A70AA43DE}.Debug|x86.Build.0 = Debug|Any CPU
		{3C6E0A3B-411E-437C-994B-7C9A70AA43DE}.Release|Any CPU.ActiveCfg = Release|Any CPU
		{3C6E0A3B-411E-437C-994B-7C9A70AA43DE}.Release|Any CPU.Build.0 = Release|Any CPU
		{3C6E0A3B-411E-437C-994B-7C9A70AA43DE}.Release|x64.ActiveCfg = Release|Any CPU
		{3C6E0A3B-411E-437C-994B-7C9A70AA43DE}.Release|x64.Build.0 = Release|Any CPU
		{3C6E0A3B-411E-437C-994B-7C9A70AA43DE}.Release|x86.ActiveCfg = Release|Any CPU
		{3C6E0A3B-411E-437C-994B-7C9A70AA43DE}.Release|x86.Build.0 = Release|Any CPU
		{387768DF-BBF6-48D1-9E78-F0746F134A7C}.Debug|Any CPU.ActiveCfg = Debug|Any CPU
		{387768DF-BBF6-48D1-9E78-F0746F134A7C}.Debug|Any CPU.Build.0 = Debug|Any CPU
		{387768DF-BBF6-48D1-9E78-F0746F134A7C}.Debug|x64.ActiveCfg = Debug|Any CPU
		{387768DF-BBF6-48D1-9E78-F0746F134A7C}.Debug|x64.Build.0 = Debug|Any CPU
		{387768DF-BBF6-48D1-9E78-F0746F134A7C}.Debug|x86.ActiveCfg = Debug|Any CPU
		{387768DF-BBF6-48D1-9E78-F0746F134A7C}.Debug|x86.Build.0 = Debug|Any CPU
		{387768DF-BBF6-48D1-9E78-F0746F134A7C}.Release|Any CPU.ActiveCfg = Release|Any CPU
		{387768DF-BBF6-48D1-9E78-F0746F134A7C}.Release|Any CPU.Build.0 = Release|Any CPU
		{387768DF-BBF6-48D1-9E78-F0746F134A7C}.Release|x64.ActiveCfg = Release|Any CPU
		{387768DF-BBF6-48D1-9E78-F0746F134A7C}.Release|x64.Build.0 = Release|Any CPU
		{387768DF-BBF6-48D1-9E78-F0746F134A7C}.Release|x86.ActiveCfg = Release|Any CPU
		{387768DF-BBF6-48D1-9E78-F0746F134A7C}.Release|x86.Build.0 = Release|Any CPU
		{A44C394D-DF0E-4818-B803-6BDFC03FAF3C}.Debug|Any CPU.ActiveCfg = Debug|Any CPU
		{A44C394D-DF0E-4818-B803-6BDFC03FAF3C}.Debug|Any CPU.Build.0 = Debug|Any CPU
		{A44C394D-DF0E-4818-B803-6BDFC03FAF3C}.Debug|x64.ActiveCfg = Debug|Any CPU
		{A44C394D-DF0E-4818-B803-6BDFC03FAF3C}.Debug|x64.Build.0 = Debug|Any CPU
		{A44C394D-DF0E-4818-B803-6BDFC03FAF3C}.Debug|x86.ActiveCfg = Debug|Any CPU
		{A44C394D-DF0E-4818-B803-6BDFC03FAF3C}.Debug|x86.Build.0 = Debug|Any CPU
		{A44C394D-DF0E-4818-B803-6BDFC03FAF3C}.Release|Any CPU.ActiveCfg = Release|Any CPU
		{A44C394D-DF0E-4818-B803-6BDFC03FAF3C}.Release|Any CPU.Build.0 = Release|Any CPU
		{A44C394D-DF0E-4818-B803-6BDFC03FAF3C}.Release|x64.ActiveCfg = Release|Any CPU
		{A44C394D-DF0E-4818-B803-6BDFC03FAF3C}.Release|x64.Build.0 = Release|Any CPU
		{A44C394D-DF0E-4818-B803-6BDFC03FAF3C}.Release|x86.ActiveCfg = Release|Any CPU
		{A44C394D-DF0E-4818-B803-6BDFC03FAF3C}.Release|x86.Build.0 = Release|Any CPU
		{C9501CCD-8002-4268-B3E8-6AB34F26F496}.Debug|Any CPU.ActiveCfg = Debug|Any CPU
		{C9501CCD-8002-4268-B3E8-6AB34F26F496}.Debug|Any CPU.Build.0 = Debug|Any CPU
		{C9501CCD-8002-4268-B3E8-6AB34F26F496}.Debug|x64.ActiveCfg = Debug|Any CPU
		{C9501CCD-8002-4268-B3E8-6AB34F26F496}.Debug|x64.Build.0 = Debug|Any CPU
		{C9501CCD-8002-4268-B3E8-6AB34F26F496}.Debug|x86.ActiveCfg = Debug|Any CPU
		{C9501CCD-8002-4268-B3E8-6AB34F26F496}.Debug|x86.Build.0 = Debug|Any CPU
		{C9501CCD-8002-4268-B3E8-6AB34F26F496}.Release|Any CPU.ActiveCfg = Release|Any CPU
		{C9501CCD-8002-4268-B3E8-6AB34F26F496}.Release|Any CPU.Build.0 = Release|Any CPU
		{C9501CCD-8002-4268-B3E8-6AB34F26F496}.Release|x64.ActiveCfg = Release|Any CPU
		{C9501CCD-8002-4268-B3E8-6AB34F26F496}.Release|x64.Build.0 = Release|Any CPU
		{C9501CCD-8002-4268-B3E8-6AB34F26F496}.Release|x86.ActiveCfg = Release|Any CPU
		{C9501CCD-8002-4268-B3E8-6AB34F26F496}.Release|x86.Build.0 = Release|Any CPU
		{07E65829-5724-40E4-8C3D-B679AACF783E}.Debug|Any CPU.ActiveCfg = Debug|Any CPU
		{07E65829-5724-40E4-8C3D-B679AACF783E}.Debug|Any CPU.Build.0 = Debug|Any CPU
		{07E65829-5724-40E4-8C3D-B679AACF783E}.Debug|x64.ActiveCfg = Debug|Any CPU
		{07E65829-5724-40E4-8C3D-B679AACF783E}.Debug|x64.Build.0 = Debug|Any CPU
		{07E65829-5724-40E4-8C3D-B679AACF783E}.Debug|x86.ActiveCfg = Debug|Any CPU
		{07E65829-5724-40E4-8C3D-B679AACF783E}.Debug|x86.Build.0 = Debug|Any CPU
		{07E65829-5724-40E4-8C3D-B679AACF783E}.Release|Any CPU.ActiveCfg = Release|Any CPU
		{07E65829-5724-40E4-8C3D-B679AACF783E}.Release|Any CPU.Build.0 = Release|Any CPU
		{07E65829-5724-40E4-8C3D-B679AACF783E}.Release|x64.ActiveCfg = Release|Any CPU
		{07E65829-5724-40E4-8C3D-B679AACF783E}.Release|x64.Build.0 = Release|Any CPU
		{07E65829-5724-40E4-8C3D-B679AACF783E}.Release|x86.ActiveCfg = Release|Any CPU
		{07E65829-5724-40E4-8C3D-B679AACF783E}.Release|x86.Build.0 = Release|Any CPU
		{8DB7044E-6DB3-4ACB-9816-2F601EC61BCA}.Debug|Any CPU.ActiveCfg = Debug|Any CPU
		{8DB7044E-6DB3-4ACB-9816-2F601EC61BCA}.Debug|Any CPU.Build.0 = Debug|Any CPU
		{8DB7044E-6DB3-4ACB-9816-2F601EC61BCA}.Debug|x64.ActiveCfg = Debug|Any CPU
		{8DB7044E-6DB3-4ACB-9816-2F601EC61BCA}.Debug|x64.Build.0 = Debug|Any CPU
		{8DB7044E-6DB3-4ACB-9816-2F601EC61BCA}.Debug|x86.ActiveCfg = Debug|Any CPU
		{8DB7044E-6DB3-4ACB-9816-2F601EC61BCA}.Debug|x86.Build.0 = Debug|Any CPU
		{8DB7044E-6DB3-4ACB-9816-2F601EC61BCA}.Release|Any CPU.ActiveCfg = Release|Any CPU
		{8DB7044E-6DB3-4ACB-9816-2F601EC61BCA}.Release|Any CPU.Build.0 = Release|Any CPU
		{8DB7044E-6DB3-4ACB-9816-2F601EC61BCA}.Release|x64.ActiveCfg = Release|Any CPU
		{8DB7044E-6DB3-4ACB-9816-2F601EC61BCA}.Release|x64.Build.0 = Release|Any CPU
		{8DB7044E-6DB3-4ACB-9816-2F601EC61BCA}.Release|x86.ActiveCfg = Release|Any CPU
		{8DB7044E-6DB3-4ACB-9816-2F601EC61BCA}.Release|x86.Build.0 = Release|Any CPU
		{759B4934-1F32-4A18-839B-5DF75D7700C5}.Debug|Any CPU.ActiveCfg = Debug|Any CPU
		{759B4934-1F32-4A18-839B-5DF75D7700C5}.Debug|Any CPU.Build.0 = Debug|Any CPU
		{759B4934-1F32-4A18-839B-5DF75D7700C5}.Debug|x64.ActiveCfg = Debug|Any CPU
		{759B4934-1F32-4A18-839B-5DF75D7700C5}.Debug|x64.Build.0 = Debug|Any CPU
		{759B4934-1F32-4A18-839B-5DF75D7700C5}.Debug|x86.ActiveCfg = Debug|Any CPU
		{759B4934-1F32-4A18-839B-5DF75D7700C5}.Debug|x86.Build.0 = Debug|Any CPU
		{759B4934-1F32-4A18-839B-5DF75D7700C5}.Release|Any CPU.ActiveCfg = Release|Any CPU
		{759B4934-1F32-4A18-839B-5DF75D7700C5}.Release|Any CPU.Build.0 = Release|Any CPU
		{759B4934-1F32-4A18-839B-5DF75D7700C5}.Release|x64.ActiveCfg = Release|Any CPU
		{759B4934-1F32-4A18-839B-5DF75D7700C5}.Release|x64.Build.0 = Release|Any CPU
		{759B4934-1F32-4A18-839B-5DF75D7700C5}.Release|x86.ActiveCfg = Release|Any CPU
		{759B4934-1F32-4A18-839B-5DF75D7700C5}.Release|x86.Build.0 = Release|Any CPU
		{E811609A-AB7B-4496-B814-9E46EB0570C7}.Debug|Any CPU.ActiveCfg = Debug|Any CPU
		{E811609A-AB7B-4496-B814-9E46EB0570C7}.Debug|Any CPU.Build.0 = Debug|Any CPU
		{E811609A-AB7B-4496-B814-9E46EB0570C7}.Debug|x64.ActiveCfg = Debug|Any CPU
		{E811609A-AB7B-4496-B814-9E46EB0570C7}.Debug|x64.Build.0 = Debug|Any CPU
		{E811609A-AB7B-4496-B814-9E46EB0570C7}.Debug|x86.ActiveCfg = Debug|Any CPU
		{E811609A-AB7B-4496-B814-9E46EB0570C7}.Debug|x86.Build.0 = Debug|Any CPU
		{E811609A-AB7B-4496-B814-9E46EB0570C7}.Release|Any CPU.ActiveCfg = Release|Any CPU
		{E811609A-AB7B-4496-B814-9E46EB0570C7}.Release|Any CPU.Build.0 = Release|Any CPU
		{E811609A-AB7B-4496-B814-9E46EB0570C7}.Release|x64.ActiveCfg = Release|Any CPU
		{E811609A-AB7B-4496-B814-9E46EB0570C7}.Release|x64.Build.0 = Release|Any CPU
		{E811609A-AB7B-4496-B814-9E46EB0570C7}.Release|x86.ActiveCfg = Release|Any CPU
		{E811609A-AB7B-4496-B814-9E46EB0570C7}.Release|x86.Build.0 = Release|Any CPU
		{D2641FF5-C448-4021-A893-8F5844BF7B6D}.Debug|Any CPU.ActiveCfg = Debug|Any CPU
		{D2641FF5-C448-4021-A893-8F5844BF7B6D}.Debug|Any CPU.Build.0 = Debug|Any CPU
		{D2641FF5-C448-4021-A893-8F5844BF7B6D}.Debug|x64.ActiveCfg = Debug|Any CPU
		{D2641FF5-C448-4021-A893-8F5844BF7B6D}.Debug|x64.Build.0 = Debug|Any CPU
		{D2641FF5-C448-4021-A893-8F5844BF7B6D}.Debug|x86.ActiveCfg = Debug|Any CPU
		{D2641FF5-C448-4021-A893-8F5844BF7B6D}.Debug|x86.Build.0 = Debug|Any CPU
		{D2641FF5-C448-4021-A893-8F5844BF7B6D}.Release|Any CPU.ActiveCfg = Release|Any CPU
		{D2641FF5-C448-4021-A893-8F5844BF7B6D}.Release|Any CPU.Build.0 = Release|Any CPU
		{D2641FF5-C448-4021-A893-8F5844BF7B6D}.Release|x64.ActiveCfg = Release|Any CPU
		{D2641FF5-C448-4021-A893-8F5844BF7B6D}.Release|x64.Build.0 = Release|Any CPU
		{D2641FF5-C448-4021-A893-8F5844BF7B6D}.Release|x86.ActiveCfg = Release|Any CPU
		{D2641FF5-C448-4021-A893-8F5844BF7B6D}.Release|x86.Build.0 = Release|Any CPU
		{B67320B9-0199-460D-BD1E-A1F922B2CAF7}.Debug|Any CPU.ActiveCfg = Debug|Any CPU
		{B67320B9-0199-460D-BD1E-A1F922B2CAF7}.Debug|Any CPU.Build.0 = Debug|Any CPU
		{B67320B9-0199-460D-BD1E-A1F922B2CAF7}.Debug|x64.ActiveCfg = Debug|Any CPU
		{B67320B9-0199-460D-BD1E-A1F922B2CAF7}.Debug|x64.Build.0 = Debug|Any CPU
		{B67320B9-0199-460D-BD1E-A1F922B2CAF7}.Debug|x86.ActiveCfg = Debug|Any CPU
		{B67320B9-0199-460D-BD1E-A1F922B2CAF7}.Debug|x86.Build.0 = Debug|Any CPU
		{B67320B9-0199-460D-BD1E-A1F922B2CAF7}.Release|Any CPU.ActiveCfg = Release|Any CPU
		{B67320B9-0199-460D-BD1E-A1F922B2CAF7}.Release|Any CPU.Build.0 = Release|Any CPU
		{B67320B9-0199-460D-BD1E-A1F922B2CAF7}.Release|x64.ActiveCfg = Release|Any CPU
		{B67320B9-0199-460D-BD1E-A1F922B2CAF7}.Release|x64.Build.0 = Release|Any CPU
		{B67320B9-0199-460D-BD1E-A1F922B2CAF7}.Release|x86.ActiveCfg = Release|Any CPU
		{B67320B9-0199-460D-BD1E-A1F922B2CAF7}.Release|x86.Build.0 = Release|Any CPU
		{A1E0B825-2C5F-46A3-BBA9-AED565EA4777}.Debug|Any CPU.ActiveCfg = Debug|Any CPU
		{A1E0B825-2C5F-46A3-BBA9-AED565EA4777}.Debug|Any CPU.Build.0 = Debug|Any CPU
		{A1E0B825-2C5F-46A3-BBA9-AED565EA4777}.Debug|x64.ActiveCfg = Debug|Any CPU
		{A1E0B825-2C5F-46A3-BBA9-AED565EA4777}.Debug|x64.Build.0 = Debug|Any CPU
		{A1E0B825-2C5F-46A3-BBA9-AED565EA4777}.Debug|x86.ActiveCfg = Debug|Any CPU
		{A1E0B825-2C5F-46A3-BBA9-AED565EA4777}.Debug|x86.Build.0 = Debug|Any CPU
		{A1E0B825-2C5F-46A3-BBA9-AED565EA4777}.Release|Any CPU.ActiveCfg = Release|Any CPU
		{A1E0B825-2C5F-46A3-BBA9-AED565EA4777}.Release|Any CPU.Build.0 = Release|Any CPU
		{A1E0B825-2C5F-46A3-BBA9-AED565EA4777}.Release|x64.ActiveCfg = Release|Any CPU
		{A1E0B825-2C5F-46A3-BBA9-AED565EA4777}.Release|x64.Build.0 = Release|Any CPU
		{A1E0B825-2C5F-46A3-BBA9-AED565EA4777}.Release|x86.ActiveCfg = Release|Any CPU
		{A1E0B825-2C5F-46A3-BBA9-AED565EA4777}.Release|x86.Build.0 = Release|Any CPU
		{25BA736A-3576-4C58-B0B0-A41E11DDE9E2}.Debug|Any CPU.ActiveCfg = Debug|Any CPU
		{25BA736A-3576-4C58-B0B0-A41E11DDE9E2}.Debug|Any CPU.Build.0 = Debug|Any CPU
		{25BA736A-3576-4C58-B0B0-A41E11DDE9E2}.Debug|x64.ActiveCfg = Debug|Any CPU
		{25BA736A-3576-4C58-B0B0-A41E11DDE9E2}.Debug|x64.Build.0 = Debug|Any CPU
		{25BA736A-3576-4C58-B0B0-A41E11DDE9E2}.Debug|x86.ActiveCfg = Debug|Any CPU
		{25BA736A-3576-4C58-B0B0-A41E11DDE9E2}.Debug|x86.Build.0 = Debug|Any CPU
		{25BA736A-3576-4C58-B0B0-A41E11DDE9E2}.Release|Any CPU.ActiveCfg = Release|Any CPU
		{25BA736A-3576-4C58-B0B0-A41E11DDE9E2}.Release|Any CPU.Build.0 = Release|Any CPU
		{25BA736A-3576-4C58-B0B0-A41E11DDE9E2}.Release|x64.ActiveCfg = Release|Any CPU
		{25BA736A-3576-4C58-B0B0-A41E11DDE9E2}.Release|x64.Build.0 = Release|Any CPU
		{25BA736A-3576-4C58-B0B0-A41E11DDE9E2}.Release|x86.ActiveCfg = Release|Any CPU
		{25BA736A-3576-4C58-B0B0-A41E11DDE9E2}.Release|x86.Build.0 = Release|Any CPU
		{0066B76B-FC9F-4F6A-B51B-18548ED54AB7}.Debug|Any CPU.ActiveCfg = Debug|Any CPU
		{0066B76B-FC9F-4F6A-B51B-18548ED54AB7}.Debug|Any CPU.Build.0 = Debug|Any CPU
		{0066B76B-FC9F-4F6A-B51B-18548ED54AB7}.Debug|x64.ActiveCfg = Debug|Any CPU
		{0066B76B-FC9F-4F6A-B51B-18548ED54AB7}.Debug|x64.Build.0 = Debug|Any CPU
		{0066B76B-FC9F-4F6A-B51B-18548ED54AB7}.Debug|x86.ActiveCfg = Debug|Any CPU
		{0066B76B-FC9F-4F6A-B51B-18548ED54AB7}.Debug|x86.Build.0 = Debug|Any CPU
		{0066B76B-FC9F-4F6A-B51B-18548ED54AB7}.Release|Any CPU.ActiveCfg = Release|Any CPU
		{0066B76B-FC9F-4F6A-B51B-18548ED54AB7}.Release|Any CPU.Build.0 = Release|Any CPU
		{0066B76B-FC9F-4F6A-B51B-18548ED54AB7}.Release|x64.ActiveCfg = Release|Any CPU
		{0066B76B-FC9F-4F6A-B51B-18548ED54AB7}.Release|x64.Build.0 = Release|Any CPU
		{0066B76B-FC9F-4F6A-B51B-18548ED54AB7}.Release|x86.ActiveCfg = Release|Any CPU
		{0066B76B-FC9F-4F6A-B51B-18548ED54AB7}.Release|x86.Build.0 = Release|Any CPU
		{B6FC8DDE-E6E4-445C-8467-47F6BA2082A4}.Debug|Any CPU.ActiveCfg = Debug|Any CPU
		{B6FC8DDE-E6E4-445C-8467-47F6BA2082A4}.Debug|Any CPU.Build.0 = Debug|Any CPU
		{B6FC8DDE-E6E4-445C-8467-47F6BA2082A4}.Debug|x64.ActiveCfg = Debug|Any CPU
		{B6FC8DDE-E6E4-445C-8467-47F6BA2082A4}.Debug|x64.Build.0 = Debug|Any CPU
		{B6FC8DDE-E6E4-445C-8467-47F6BA2082A4}.Debug|x86.ActiveCfg = Debug|Any CPU
		{B6FC8DDE-E6E4-445C-8467-47F6BA2082A4}.Debug|x86.Build.0 = Debug|Any CPU
		{B6FC8DDE-E6E4-445C-8467-47F6BA2082A4}.Release|Any CPU.ActiveCfg = Release|Any CPU
		{B6FC8DDE-E6E4-445C-8467-47F6BA2082A4}.Release|Any CPU.Build.0 = Release|Any CPU
		{B6FC8DDE-E6E4-445C-8467-47F6BA2082A4}.Release|x64.ActiveCfg = Release|Any CPU
		{B6FC8DDE-E6E4-445C-8467-47F6BA2082A4}.Release|x64.Build.0 = Release|Any CPU
		{B6FC8DDE-E6E4-445C-8467-47F6BA2082A4}.Release|x86.ActiveCfg = Release|Any CPU
		{B6FC8DDE-E6E4-445C-8467-47F6BA2082A4}.Release|x86.Build.0 = Release|Any CPU
		{0A68D070-74F5-4EA4-A335-E583F35C15EC}.Debug|Any CPU.ActiveCfg = Debug|Any CPU
		{0A68D070-74F5-4EA4-A335-E583F35C15EC}.Debug|Any CPU.Build.0 = Debug|Any CPU
		{0A68D070-74F5-4EA4-A335-E583F35C15EC}.Debug|x64.ActiveCfg = Debug|Any CPU
		{0A68D070-74F5-4EA4-A335-E583F35C15EC}.Debug|x64.Build.0 = Debug|Any CPU
		{0A68D070-74F5-4EA4-A335-E583F35C15EC}.Debug|x86.ActiveCfg = Debug|Any CPU
		{0A68D070-74F5-4EA4-A335-E583F35C15EC}.Debug|x86.Build.0 = Debug|Any CPU
		{0A68D070-74F5-4EA4-A335-E583F35C15EC}.Release|Any CPU.ActiveCfg = Release|Any CPU
		{0A68D070-74F5-4EA4-A335-E583F35C15EC}.Release|Any CPU.Build.0 = Release|Any CPU
		{0A68D070-74F5-4EA4-A335-E583F35C15EC}.Release|x64.ActiveCfg = Release|Any CPU
		{0A68D070-74F5-4EA4-A335-E583F35C15EC}.Release|x64.Build.0 = Release|Any CPU
		{0A68D070-74F5-4EA4-A335-E583F35C15EC}.Release|x86.ActiveCfg = Release|Any CPU
		{0A68D070-74F5-4EA4-A335-E583F35C15EC}.Release|x86.Build.0 = Release|Any CPU
		{77FB7518-0081-4230-A3BD-3F511C4C8585}.Debug|Any CPU.ActiveCfg = Debug|Any CPU
		{77FB7518-0081-4230-A3BD-3F511C4C8585}.Debug|Any CPU.Build.0 = Debug|Any CPU
		{77FB7518-0081-4230-A3BD-3F511C4C8585}.Debug|x64.ActiveCfg = Debug|Any CPU
		{77FB7518-0081-4230-A3BD-3F511C4C8585}.Debug|x64.Build.0 = Debug|Any CPU
		{77FB7518-0081-4230-A3BD-3F511C4C8585}.Debug|x86.ActiveCfg = Debug|Any CPU
		{77FB7518-0081-4230-A3BD-3F511C4C8585}.Debug|x86.Build.0 = Debug|Any CPU
		{77FB7518-0081-4230-A3BD-3F511C4C8585}.Release|Any CPU.ActiveCfg = Release|Any CPU
		{77FB7518-0081-4230-A3BD-3F511C4C8585}.Release|Any CPU.Build.0 = Release|Any CPU
		{77FB7518-0081-4230-A3BD-3F511C4C8585}.Release|x64.ActiveCfg = Release|Any CPU
		{77FB7518-0081-4230-A3BD-3F511C4C8585}.Release|x64.Build.0 = Release|Any CPU
		{77FB7518-0081-4230-A3BD-3F511C4C8585}.Release|x86.ActiveCfg = Release|Any CPU
		{77FB7518-0081-4230-A3BD-3F511C4C8585}.Release|x86.Build.0 = Release|Any CPU
		{796DBCEC-433D-4F1A-9200-353698944070}.Debug|Any CPU.ActiveCfg = Debug|Any CPU
		{796DBCEC-433D-4F1A-9200-353698944070}.Debug|Any CPU.Build.0 = Debug|Any CPU
		{796DBCEC-433D-4F1A-9200-353698944070}.Debug|x64.ActiveCfg = Debug|Any CPU
		{796DBCEC-433D-4F1A-9200-353698944070}.Debug|x64.Build.0 = Debug|Any CPU
		{796DBCEC-433D-4F1A-9200-353698944070}.Debug|x86.ActiveCfg = Debug|Any CPU
		{796DBCEC-433D-4F1A-9200-353698944070}.Debug|x86.Build.0 = Debug|Any CPU
		{796DBCEC-433D-4F1A-9200-353698944070}.Release|Any CPU.ActiveCfg = Release|Any CPU
		{796DBCEC-433D-4F1A-9200-353698944070}.Release|Any CPU.Build.0 = Release|Any CPU
		{796DBCEC-433D-4F1A-9200-353698944070}.Release|x64.ActiveCfg = Release|Any CPU
		{796DBCEC-433D-4F1A-9200-353698944070}.Release|x64.Build.0 = Release|Any CPU
		{796DBCEC-433D-4F1A-9200-353698944070}.Release|x86.ActiveCfg = Release|Any CPU
		{796DBCEC-433D-4F1A-9200-353698944070}.Release|x86.Build.0 = Release|Any CPU
		{0FD58F9F-BFA2-40EC-BDCC-3808F4BC732F}.Debug|Any CPU.ActiveCfg = Debug|Any CPU
		{0FD58F9F-BFA2-40EC-BDCC-3808F4BC732F}.Debug|Any CPU.Build.0 = Debug|Any CPU
		{0FD58F9F-BFA2-40EC-BDCC-3808F4BC732F}.Debug|x64.ActiveCfg = Debug|Any CPU
		{0FD58F9F-BFA2-40EC-BDCC-3808F4BC732F}.Debug|x64.Build.0 = Debug|Any CPU
		{0FD58F9F-BFA2-40EC-BDCC-3808F4BC732F}.Debug|x86.ActiveCfg = Debug|Any CPU
		{0FD58F9F-BFA2-40EC-BDCC-3808F4BC732F}.Debug|x86.Build.0 = Debug|Any CPU
		{0FD58F9F-BFA2-40EC-BDCC-3808F4BC732F}.Release|Any CPU.ActiveCfg = Release|Any CPU
		{0FD58F9F-BFA2-40EC-BDCC-3808F4BC732F}.Release|Any CPU.Build.0 = Release|Any CPU
		{0FD58F9F-BFA2-40EC-BDCC-3808F4BC732F}.Release|x64.ActiveCfg = Release|Any CPU
		{0FD58F9F-BFA2-40EC-BDCC-3808F4BC732F}.Release|x64.Build.0 = Release|Any CPU
		{0FD58F9F-BFA2-40EC-BDCC-3808F4BC732F}.Release|x86.ActiveCfg = Release|Any CPU
		{0FD58F9F-BFA2-40EC-BDCC-3808F4BC732F}.Release|x86.Build.0 = Release|Any CPU
		{17B0812C-F055-448F-B6F9-BA390F68B230}.Debug|Any CPU.ActiveCfg = Debug|Any CPU
		{17B0812C-F055-448F-B6F9-BA390F68B230}.Debug|Any CPU.Build.0 = Debug|Any CPU
		{17B0812C-F055-448F-B6F9-BA390F68B230}.Debug|x64.ActiveCfg = Debug|Any CPU
		{17B0812C-F055-448F-B6F9-BA390F68B230}.Debug|x64.Build.0 = Debug|Any CPU
		{17B0812C-F055-448F-B6F9-BA390F68B230}.Debug|x86.ActiveCfg = Debug|Any CPU
		{17B0812C-F055-448F-B6F9-BA390F68B230}.Debug|x86.Build.0 = Debug|Any CPU
		{17B0812C-F055-448F-B6F9-BA390F68B230}.Release|Any CPU.ActiveCfg = Release|Any CPU
		{17B0812C-F055-448F-B6F9-BA390F68B230}.Release|Any CPU.Build.0 = Release|Any CPU
		{17B0812C-F055-448F-B6F9-BA390F68B230}.Release|x64.ActiveCfg = Release|Any CPU
		{17B0812C-F055-448F-B6F9-BA390F68B230}.Release|x64.Build.0 = Release|Any CPU
		{17B0812C-F055-448F-B6F9-BA390F68B230}.Release|x86.ActiveCfg = Release|Any CPU
		{17B0812C-F055-448F-B6F9-BA390F68B230}.Release|x86.Build.0 = Release|Any CPU
		{5C32F42E-069B-405C-AA66-F764C4D16E07}.Debug|Any CPU.ActiveCfg = Debug|Any CPU
		{5C32F42E-069B-405C-AA66-F764C4D16E07}.Debug|Any CPU.Build.0 = Debug|Any CPU
		{5C32F42E-069B-405C-AA66-F764C4D16E07}.Debug|x64.ActiveCfg = Debug|Any CPU
		{5C32F42E-069B-405C-AA66-F764C4D16E07}.Debug|x64.Build.0 = Debug|Any CPU
		{5C32F42E-069B-405C-AA66-F764C4D16E07}.Debug|x86.ActiveCfg = Debug|Any CPU
		{5C32F42E-069B-405C-AA66-F764C4D16E07}.Debug|x86.Build.0 = Debug|Any CPU
		{5C32F42E-069B-405C-AA66-F764C4D16E07}.Release|Any CPU.ActiveCfg = Release|Any CPU
		{5C32F42E-069B-405C-AA66-F764C4D16E07}.Release|Any CPU.Build.0 = Release|Any CPU
		{5C32F42E-069B-405C-AA66-F764C4D16E07}.Release|x64.ActiveCfg = Release|Any CPU
		{5C32F42E-069B-405C-AA66-F764C4D16E07}.Release|x64.Build.0 = Release|Any CPU
		{5C32F42E-069B-405C-AA66-F764C4D16E07}.Release|x86.ActiveCfg = Release|Any CPU
		{5C32F42E-069B-405C-AA66-F764C4D16E07}.Release|x86.Build.0 = Release|Any CPU
	EndGlobalSection
	GlobalSection(SolutionProperties) = preSolution
		HideSolutionNode = FALSE
	EndGlobalSection
	GlobalSection(NestedProjects) = preSolution
		{12A084A0-B93E-423A-6F6B-2DD437B5DD75} = {827E0CD3-B72D-47B6-A68D-7590B98EB39B}
		{B137764D-4839-4377-BB7B-F2313D3E3E7B} = {12A084A0-B93E-423A-6F6B-2DD437B5DD75}
		{3C6E0A3B-411E-437C-994B-7C9A70AA43DE} = {0AB3BF05-4346-4AA6-1389-037BE0695223}
		{90298CBA-BD6F-3A0A-69D5-97CAD7B05E7E} = {827E0CD3-B72D-47B6-A68D-7590B98EB39B}
		{387768DF-BBF6-48D1-9E78-F0746F134A7C} = {90298CBA-BD6F-3A0A-69D5-97CAD7B05E7E}
		{03997797-E7F5-0643-168D-B8EA7178C2FE} = {827E0CD3-B72D-47B6-A68D-7590B98EB39B}
		{A44C394D-DF0E-4818-B803-6BDFC03FAF3C} = {03997797-E7F5-0643-168D-B8EA7178C2FE}
		{984BB9B3-3FA3-BE33-9484-CAC21695A33C} = {827E0CD3-B72D-47B6-A68D-7590B98EB39B}
		{C91C1CF1-1625-0789-F869-53D87D6277BA} = {984BB9B3-3FA3-BE33-9484-CAC21695A33C}
		{C9501CCD-8002-4268-B3E8-6AB34F26F496} = {C91C1CF1-1625-0789-F869-53D87D6277BA}
		{07E65829-5724-40E4-8C3D-B679AACF783E} = {C91C1CF1-1625-0789-F869-53D87D6277BA}
		{8DB7044E-6DB3-4ACB-9816-2F601EC61BCA} = {C91C1CF1-1625-0789-F869-53D87D6277BA}
		{759B4934-1F32-4A18-839B-5DF75D7700C5} = {C91C1CF1-1625-0789-F869-53D87D6277BA}
		{D3BAB01C-7F3F-8576-96BE-8BE70C9B9915} = {984BB9B3-3FA3-BE33-9484-CAC21695A33C}
		{E811609A-AB7B-4496-B814-9E46EB0570C7} = {D3BAB01C-7F3F-8576-96BE-8BE70C9B9915}
		{D2641FF5-C448-4021-A893-8F5844BF7B6D} = {C91C1CF1-1625-0789-F869-53D87D6277BA}
		{B67320B9-0199-460D-BD1E-A1F922B2CAF7} = {D3BAB01C-7F3F-8576-96BE-8BE70C9B9915}
		{A1E0B825-2C5F-46A3-BBA9-AED565EA4777} = {D3BAB01C-7F3F-8576-96BE-8BE70C9B9915}
		{25BA736A-3576-4C58-B0B0-A41E11DDE9E2} = {D3BAB01C-7F3F-8576-96BE-8BE70C9B9915}
		{0066B76B-FC9F-4F6A-B51B-18548ED54AB7} = {D3BAB01C-7F3F-8576-96BE-8BE70C9B9915}
		{6306A8FB-679E-111F-6585-8F70E0EE6013} = {827E0CD3-B72D-47B6-A68D-7590B98EB39B}
		{B6FC8DDE-E6E4-445C-8467-47F6BA2082A4} = {6306A8FB-679E-111F-6585-8F70E0EE6013}
		{FE5F7021-A3C9-35C7-FF50-8DA81625868E} = {827E0CD3-B72D-47B6-A68D-7590B98EB39B}
		{B3A31961-C33A-BA76-F2D4-83077095AA20} = {FE5F7021-A3C9-35C7-FF50-8DA81625868E}
		{0A68D070-74F5-4EA4-A335-E583F35C15EC} = {B3A31961-C33A-BA76-F2D4-83077095AA20}
		{77FB7518-0081-4230-A3BD-3F511C4C8585} = {90298CBA-BD6F-3A0A-69D5-97CAD7B05E7E}
		{796DBCEC-433D-4F1A-9200-353698944070} = {90298CBA-BD6F-3A0A-69D5-97CAD7B05E7E}
		{0FD58F9F-BFA2-40EC-BDCC-3808F4BC732F} = {90298CBA-BD6F-3A0A-69D5-97CAD7B05E7E}
		{DCB6FCB8-FF92-AC57-0842-1F72A354D6B1} = {827E0CD3-B72D-47B6-A68D-7590B98EB39B}
		{17B0812C-F055-448F-B6F9-BA390F68B230} = {DCB6FCB8-FF92-AC57-0842-1F72A354D6B1}
		{5C32F42E-069B-405C-AA66-F764C4D16E07} = {0AB3BF05-4346-4AA6-1389-037BE0695223}
	EndGlobalSection
EndGlobal
