
Microsoft Visual Studio Solution File, Format Version 12.00
# Visual Studio Version 17
VisualStudioVersion = 17.0.31903.59
MinimumVisualStudioVersion = 10.0.40219.1
Project("{2150E333-8FDC-42A3-9474-1A3956D46DE8}") = "src", "src", "{827E0CD3-B72D-47B6-A68D-7590B98EB39B}"
EndProject
Project("{2150E333-8FDC-42A3-9474-1A3956D46DE8}") = "Bootstrap", "Bootstrap", "{12A084A0-B93E-423A-6F6B-2DD437B5DD75}"
EndProject
Project("{FAE04EC0-301F-11D3-BF4B-00C04F79EFBC}") = "Bootstrap.Api", "src\Bootstrap\Bootstrap.Api\Bootstrap.Api.csproj", "{B137764D-4839-4377-BB7B-F2313D3E3E7B}"
EndProject
Project("{2150E333-8FDC-42A3-9474-1A3956D46DE8}") = "tests", "tests", "{0AB3BF05-4346-4AA6-1389-037BE0695223}"
EndProject
Project("{FAE04EC0-301F-11D3-BF4B-00C04F79EFBC}") = "Bootstrap.UnitTests", "tests\Bootstrap.UnitTests\Bootstrap.UnitTests.csproj", "{3C6E0A3B-411E-437C-994B-7C9A70AA43DE}"
EndProject
Project("{2150E333-8FDC-42A3-9474-1A3956D46DE8}") = "BuildingBlocks", "BuildingBlocks", "{90298CBA-BD6F-3A0A-69D5-97CAD7B05E7E}"
EndProject
Project("{FAE04EC0-301F-11D3-BF4B-00C04F79EFBC}") = "BuildingBlocks.ServiceDefaults", "src\BuildingBlocks\BuildingBlocks.ServiceDefaults\BuildingBlocks.ServiceDefaults.csproj", "{387768DF-BBF6-48D1-9E78-F0746F134A7C}"
EndProject
Project("{2150E333-8FDC-42A3-9474-1A3956D46DE8}") = "Web", "Web", "{03997797-E7F5-0643-168D-B8EA7178C2FE}"
EndProject
Project("{FAE04EC0-301F-11D3-BF4B-00C04F79EFBC}") = "Web.Bff", "src\Web\Web.Bff\Web.Bff.csproj", "{A44C394D-DF0E-4818-B803-6BDFC03FAF3C}"
EndProject
Project("{2150E333-8FDC-42A3-9474-1A3956D46DE8}") = "Services", "Services", "{984BB9B3-3FA3-BE33-9484-CAC21695A33C}"
EndProject
Project("{2150E333-8FDC-42A3-9474-1A3956D46DE8}") = "Catalog", "Catalog", "{C91C1CF1-1625-0789-F869-53D87D6277BA}"
EndProject
Project("{FAE04EC0-301F-11D3-BF4B-00C04F79EFBC}") = "Catalog.Domain", "src\Services\Catalog\Catalog.Domain\Catalog.Domain.csproj", "{C9501CCD-8002-4268-B3E8-6AB34F26F496}"
EndProject
Project("{FAE04EC0-301F-11D3-BF4B-00C04F79EFBC}") = "Catalog.Application", "src\Services\Catalog\Catalog.Application\Catalog.Application.csproj", "{07E65829-5724-40E4-8C3D-B679AACF783E}"
EndProject
Project("{FAE04EC0-301F-11D3-BF4B-00C04F79EFBC}") = "Catalog.Infrastructure", "src\Services\Catalog\Catalog.Infrastructure\Catalog.Infrastructure.csproj", "{8DB7044E-6DB3-4ACB-9816-2F601EC61BCA}"
EndProject
Project("{FAE04EC0-301F-11D3-BF4B-00C04F79EFBC}") = "Catalog.Contracts", "src\Services\Catalog\Catalog.Contracts\Catalog.Contracts.csproj", "{759B4934-1F32-4A18-839B-5DF75D7700C5}"
EndProject
Project("{2150E333-8FDC-42A3-9474-1A3956D46DE8}") = "Ordering", "Ordering", "{D3BAB01C-7F3F-8576-96BE-8BE70C9B9915}"
EndProject
Project("{FAE04EC0-301F-11D3-BF4B-00C04F79EFBC}") = "Ordering.Contracts", "src\Services\Ordering\Ordering.Contracts\Ordering.Contracts.csproj", "{E811609A-AB7B-4496-B814-9E46EB0570C7}"
EndProject
Project("{FAE04EC0-301F-11D3-BF4B-00C04F79EFBC}") = "Catalog.Api", "src\Services\Catalog\Catalog.Api\Catalog.Api.csproj", "{D2641FF5-C448-4021-A893-8F5844BF7B6D}"
EndProject
Project("{FAE04EC0-301F-11D3-BF4B-00C04F79EFBC}") = "Ordering.Domain", "src\Services\Ordering\Ordering.Domain\Ordering.Domain.csproj", "{B67320B9-0199-460D-BD1E-A1F922B2CAF7}"
EndProject
Project("{FAE04EC0-301F-11D3-BF4B-00C04F79EFBC}") = "Ordering.Application", "src\Services\Ordering\Ordering.Application\Ordering.Application.csproj", "{A1E0B825-2C5F-46A3-BBA9-AED565EA4777}"
EndProject
Project("{FAE04EC0-301F-11D3-BF4B-00C04F79EFBC}") = "Ordering.Infrastructure", "src\Services\Ordering\Ordering.Infrastructure\Ordering.Infrastructure.csproj", "{25BA736A-3576-4C58-B0B0-A41E11DDE9E2}"
EndProject
Project("{FAE04EC0-301F-11D3-BF4B-00C04F79EFBC}") = "Ordering.Api", "src\Services\Ordering\Ordering.Api\Ordering.Api.csproj", "{0066B76B-FC9F-4F6A-B51B-18548ED54AB7}"
EndProject
Project("{2150E333-8FDC-42A3-9474-1A3956D46DE8}") = "Gateway", "Gateway", "{6306A8FB-679E-111F-6585-8F70E0EE6013}"
EndProject
Project("{FAE04EC0-301F-11D3-BF4B-00C04F79EFBC}") = "Gateway.Api", "src\Gateway\Gateway.Api\Gateway.Api.csproj", "{B6FC8DDE-E6E4-445C-8467-47F6BA2082A4}"
EndProject
Project("{2150E333-8FDC-42A3-9474-1A3956D46DE8}") = "Workers", "Workers", "{FE5F7021-A3C9-35C7-FF50-8DA81625868E}"
EndProject
Project("{2150E333-8FDC-42A3-9474-1A3956D46DE8}") = "Integration", "Integration", "{B3A31961-C33A-BA76-F2D4-83077095AA20}"
EndProject
Project("{FAE04EC0-301F-11D3-BF4B-00C04F79EFBC}") = "Integration.Worker", "src\Workers\Integration\Integration.Worker\Integration.Worker.csproj", "{0A68D070-74F5-4EA4-A335-E583F35C15EC}"
EndProject
Project("{FAE04EC0-301F-11D3-BF4B-00C04F79EFBC}") = "SharedKernel", "src\BuildingBlocks\SharedKernel\SharedKernel.csproj", "{77FB7518-0081-4230-A3BD-3F511C4C8585}"
EndProject
Project("{FAE04EC0-301F-11D3-BF4B-00C04F79EFBC}") = "BuildingBlocks.Validation", "src\BuildingBlocks\BuildingBlocks.Validation\BuildingBlocks.Validation.csproj", "{796DBCEC-433D-4F1A-9200-353698944070}"
EndProject
Project("{FAE04EC0-301F-11D3-BF4B-00C04F79EFBC}") = "BuildingBlocks.Security", "src\BuildingBlocks\BuildingBlocks.Security\BuildingBlocks.Security.csproj", "{0FD58F9F-BFA2-40EC-BDCC-3808F4BC732F}"
EndProject
Project("{2150E333-8FDC-42A3-9474-1A3956D46DE8}") = "Tools", "Tools", "{DCB6FCB8-FF92-AC57-0842-1F72A354D6B1}"
EndProject
Project("{FAE04EC0-301F-11D3-BF4B-00C04F79EFBC}") = "DevJwt", "src\Tools\DevJwt\DevJwt.csproj", "{17B0812C-F055-448F-B6F9-BA390F68B230}"
EndProject
Project("{FAE04EC0-301F-11D3-BF4B-00C04F79EFBC}") = "Api.ContractTests", "tests\Api.ContractTests\Api.ContractTests.csproj", "{5C32F42E-069B-405C-AA66-F764C4D16E07}"
EndProject
Project("{FAE04EC0-301F-11D3-BF4B-00C04F79EFBC}") = "Catalog.Migrator", "src\Tools\Catalog.Migrator\Catalog.Migrator.csproj", "{4C488DEE-F382-4492-B3D4-2A80222B1394}"
EndProject
Project("{FAE04EC0-301F-11D3-BF4B-00C04F79EFBC}") = "Ordering.Migrator", "src\Tools\Ordering.Migrator\Ordering.Migrator.csproj", "{9F046B24-C9A7-4797-B1B0-404F91DBBD28}"
EndProject
Project("{FAE04EC0-301F-11D3-BF4B-00C04F79EFBC}") = "BuildingBlocks.Scoping", "src\BuildingBlocks\BuildingBlocks.Scoping\BuildingBlocks.Scoping.csproj", "{C749781B-17F1-4D76-9F16-5773AAE42DE8}"
EndProject
Project("{FAE04EC0-301F-11D3-BF4B-00C04F79EFBC}") = "BuildingBlocks.Messaging", "src\BuildingBlocks\BuildingBlocks.Messaging\BuildingBlocks.Messaging.csproj", "{0E31FD53-BBC6-4303-9DCF-7B98ED5EDC19}"
EndProject
Project("{2150E333-8FDC-42A3-9474-1A3956D46DE8}") = "Platform", "Platform", "{4DF80442-A1E5-CC28-AE7B-27B5F9BFE52B}"
EndProject
Project("{2150E333-8FDC-42A3-9474-1A3956D46DE8}") = "Workflow", "Workflow", "{07DA33CC-A8AA-60FC-D754-70A8D48C19F2}"
EndProject
Project("{FAE04EC0-301F-11D3-BF4B-00C04F79EFBC}") = "Workflow.Contracts", "src\Platform\Workflow\Workflow.Contracts\Workflow.Contracts.csproj", "{A0CB6C43-4C1D-45B4-A478-3A82A8A3343C}"
EndProject
Project("{FAE04EC0-301F-11D3-BF4B-00C04F79EFBC}") = "Workflow.Api", "src\Platform\Workflow\Workflow.Api\Workflow.Api.csproj", "{15ABD8A4-94B2-4F9F-8F62-9A67925349E7}"
EndProject
Project("{FAE04EC0-301F-11D3-BF4B-00C04F79EFBC}") = "Workflow.Application", "src\Platform\Workflow\Workflow.Application\Workflow.Application.csproj", "{5CB391BA-A3FD-4E63-B8C7-56831CDCCCD5}"
EndProject
Project("{FAE04EC0-301F-11D3-BF4B-00C04F79EFBC}") = "Workflow.Domain", "src\Platform\Workflow\Workflow.Domain\Workflow.Domain.csproj", "{B152DF44-2E7E-405A-9167-94AEED66E97C}"
EndProject
Project("{FAE04EC0-301F-11D3-BF4B-00C04F79EFBC}") = "Workflow.Infrastructure", "src\Platform\Workflow\Workflow.Infrastructure\Workflow.Infrastructure.csproj", "{753E2B0C-4F11-407B-BA4E-EF25210B3DA6}"
EndProject
Project("{2150E333-8FDC-42A3-9474-1A3956D46DE8}") = "Notification", "Notification", "{C1B80A90-510D-A1C6-0FC4-3F6BAD674E9B}"
EndProject
Project("{FAE04EC0-301F-11D3-BF4B-00C04F79EFBC}") = "Notification.Api", "src\Platform\Notification\Notification.Api\Notification.Api.csproj", "{7C5C72FE-38C4-40CA-85FE-1231B90A2E53}"
EndProject
Project("{FAE04EC0-301F-11D3-BF4B-00C04F79EFBC}") = "Notification.Application", "src\Platform\Notification\Notification.Application\Notification.Application.csproj", "{E7813BF6-A229-445A-BCC8-35494F2CF5AF}"
EndProject
Project("{FAE04EC0-301F-11D3-BF4B-00C04F79EFBC}") = "Notification.Contracts", "src\Platform\Notification\Notification.Contracts\Notification.Contracts.csproj", "{3FBD2E39-8F88-44F8-8264-FA682094D0A3}"
EndProject
Project("{FAE04EC0-301F-11D3-BF4B-00C04F79EFBC}") = "Notification.Domain", "src\Platform\Notification\Notification.Domain\Notification.Domain.csproj", "{D0FD130B-D67E-4F50-BE82-82BF5A8AC026}"
EndProject
Project("{FAE04EC0-301F-11D3-BF4B-00C04F79EFBC}") = "Notification.Infrastructure", "src\Platform\Notification\Notification.Infrastructure\Notification.Infrastructure.csproj", "{80148782-1AFE-4793-8276-2C5EDCF160B6}"
EndProject
Project("{2150E333-8FDC-42A3-9474-1A3956D46DE8}") = "Audit", "Audit", "{602FEBD5-9075-D83C-AC19-BAE2AF952025}"
EndProject
Project("{FAE04EC0-301F-11D3-BF4B-00C04F79EFBC}") = "Audit.Application", "src\Platform\Audit\Audit.Application\Audit.Application.csproj", "{87D61594-A03F-4659-B07A-445BAB112D20}"
EndProject
Project("{FAE04EC0-301F-11D3-BF4B-00C04F79EFBC}") = "Audit.Contracts", "src\Platform\Audit\Audit.Contracts\Audit.Contracts.csproj", "{780F83ED-ADA6-4BC5-893D-56FC5A4E8EC1}"
EndProject
Project("{FAE04EC0-301F-11D3-BF4B-00C04F79EFBC}") = "Audit.Domain", "src\Platform\Audit\Audit.Domain\Audit.Domain.csproj", "{680B2FBB-4ED0-4853-923A-2FB372215CD7}"
EndProject
Project("{FAE04EC0-301F-11D3-BF4B-00C04F79EFBC}") = "Notification.Worker", "src\Platform\Notification\Notification.Worker\Notification.Worker.csproj", "{9EF22F5C-5F70-4082-A8F5-98B3BE15BB84}"
EndProject
Project("{FAE04EC0-301F-11D3-BF4B-00C04F79EFBC}") = "Audit.Api", "src\Platform\Audit\Audit.Api\Audit.Api.csproj", "{6A4ADE92-BA8C-48FB-9C04-8DFFC6E8D82F}"
EndProject
Project("{FAE04EC0-301F-11D3-BF4B-00C04F79EFBC}") = "Audit.Infrastructure", "src\Platform\Audit\Audit.Infrastructure\Audit.Infrastructure.csproj", "{BDC02B29-2DC4-4909-A2B7-FF94C5FA7DEF}"
EndProject
Project("{FAE04EC0-301F-11D3-BF4B-00C04F79EFBC}") = "Audit.Worker", "src\Platform\Audit\Audit.Worker\Audit.Worker.csproj", "{CF207909-A53A-4841-8933-0F2FA9B6E75F}"
EndProject
Project("{2150E333-8FDC-42A3-9474-1A3956D46DE8}") = "Document", "Document", "{D004483D-5740-815D-776B-762472EC3808}"
EndProject
Project("{FAE04EC0-301F-11D3-BF4B-00C04F79EFBC}") = "Document.Application", "src\Platform\Document\Document.Application\Document.Application.csproj", "{6B9AE737-96BD-497F-A0D9-20E8ACC44DD7}"
EndProject
Project("{FAE04EC0-301F-11D3-BF4B-00C04F79EFBC}") = "Document.Contracts", "src\Platform\Document\Document.Contracts\Document.Contracts.csproj", "{23CD2592-598B-4A26-8181-816AF17F9938}"
EndProject
Project("{FAE04EC0-301F-11D3-BF4B-00C04F79EFBC}") = "Document.Domain", "src\Platform\Document\Document.Domain\Document.Domain.csproj", "{F3DCE2E0-ED0D-43BC-AF38-F9145DA9D86E}"
EndProject
Project("{FAE04EC0-301F-11D3-BF4B-00C04F79EFBC}") = "Document.Api", "src\Platform\Document\Document.Api\Document.Api.csproj", "{890008DC-8A5C-4CAE-861A-7D746FF92658}"
EndProject
Project("{FAE04EC0-301F-11D3-BF4B-00C04F79EFBC}") = "Document.Infrastructure", "src\Platform\Document\Document.Infrastructure\Document.Infrastructure.csproj", "{29BF4F1A-F56A-44EF-BF53-2C22ED2BC015}"
EndProject
Project("{2150E333-8FDC-42A3-9474-1A3956D46DE8}") = "Registry", "Registry", "{E685F5FC-5F67-FEDD-627F-1377915A6A44}"
EndProject
Project("{FAE04EC0-301F-11D3-BF4B-00C04F79EFBC}") = "Registry.Infrastructure", "src\Platform\Registry\Registry.Infrastructure\Registry.Infrastructure.csproj", "{945C555C-70CA-4F16-8E84-A5B5A2747FE7}"
EndProject
Project("{FAE04EC0-301F-11D3-BF4B-00C04F79EFBC}") = "Registry.Domain", "src\Platform\Registry\Registry.Domain\Registry.Domain.csproj", "{904AB9A3-638C-4798-8E62-E40A85635537}"
EndProject
Project("{FAE04EC0-301F-11D3-BF4B-00C04F79EFBC}") = "Registry.Application", "src\Platform\Registry\Registry.Application\Registry.Application.csproj", "{820DF9F6-1254-4F18-B01A-083E010C205C}"
EndProject
Project("{FAE04EC0-301F-11D3-BF4B-00C04F79EFBC}") = "Registry.Contracts", "src\Platform\Registry\Registry.Contracts\Registry.Contracts.csproj", "{E47AC7B8-1D9E-4870-A156-BBE36A2C89EE}"
EndProject
Project("{FAE04EC0-301F-11D3-BF4B-00C04F79EFBC}") = "Registry.Api", "src\Platform\Registry\Registry.Api\Registry.Api.csproj", "{ABF843AA-7C5C-42CD-AC8F-E89E4CEF5B94}"
EndProject
Project("{2150E333-8FDC-42A3-9474-1A3956D46DE8}") = "Org", "Org", "{14E5CCA5-F1A0-2DB3-1E0D-1832EE75668E}"
EndProject
Project("{FAE04EC0-301F-11D3-BF4B-00C04F79EFBC}") = "Org.Domain", "src\Platform\Org\Org.Domain\Org.Domain.csproj", "{860464F6-21F7-46D6-82CC-7E5D3D6B918E}"
EndProject
Project("{2150E333-8FDC-42A3-9474-1A3956D46DE8}") = "Iam", "Iam", "{BC1F7CB9-4C93-ED52-A0A7-5C04402ED1C7}"
EndProject
Project("{FAE04EC0-301F-11D3-BF4B-00C04F79EFBC}") = "Iam.Contracts", "src\Platform\Iam\Iam.Contracts\Iam.Contracts.csproj", "{70E85FAD-138D-4BB2-ACB3-0E0F9BF66973}"
EndProject
Project("{FAE04EC0-301F-11D3-BF4B-00C04F79EFBC}") = "Org.Application", "src\Platform\Org\Org.Application\Org.Application.csproj", "{A0708BC7-48AF-4190-88D5-D6F87B19A9C3}"
EndProject
Project("{FAE04EC0-301F-11D3-BF4B-00C04F79EFBC}") = "Org.Contracts", "src\Platform\Org\Org.Contracts\Org.Contracts.csproj", "{5CD1BAB7-31C4-4428-8350-398A4B2005CD}"
EndProject
Project("{FAE04EC0-301F-11D3-BF4B-00C04F79EFBC}") = "Iam.Application", "src\Platform\Iam\Iam.Application\Iam.Application.csproj", "{3678DAA9-1632-4F8D-8B7A-37FF70F06670}"
EndProject
Project("{FAE04EC0-301F-11D3-BF4B-00C04F79EFBC}") = "Iam.Domain", "src\Platform\Iam\Iam.Domain\Iam.Domain.csproj", "{A3B4A30F-AD18-4BB1-A459-63C343794F7D}"
EndProject
Project("{FAE04EC0-301F-11D3-BF4B-00C04F79EFBC}") = "Org.Api", "src\Platform\Org\Org.Api\Org.Api.csproj", "{0B76D825-C89D-411E-8AFE-A06542709FF3}"
EndProject
Project("{FAE04EC0-301F-11D3-BF4B-00C04F79EFBC}") = "Org.Infrastructure", "src\Platform\Org\Org.Infrastructure\Org.Infrastructure.csproj", "{D2843697-F848-4B2C-993C-564385B2E5CF}"
EndProject
Project("{FAE04EC0-301F-11D3-BF4B-00C04F79EFBC}") = "Iam.Infrastructure", "src\Platform\Iam\Iam.Infrastructure\Iam.Infrastructure.csproj", "{64FB830C-7A55-41F0-9E17-4091DDE215F6}"
EndProject
Project("{FAE04EC0-301F-11D3-BF4B-00C04F79EFBC}") = "Iam.Api", "src\Platform\Iam\Iam.Api\Iam.Api.csproj", "{7D479378-2AF5-4441-9C53-9701B55E047B}"
EndProject
Project("{FAE04EC0-301F-11D3-BF4B-00C04F79EFBC}") = "Audit.Migrator", "src\Tools\Audit.Migrator\Audit.Migrator.csproj", "{FE10F8B8-C631-4376-A45A-FA5A00DDAA89}"
EndProject
Project("{FAE04EC0-301F-11D3-BF4B-00C04F79EFBC}") = "Workflow.Migrator", "src\Tools\Workflow.Migrator\Workflow.Migrator.csproj", "{622F2E47-2995-4ED4-81EB-41A86B6A4DCE}"
EndProject
Project("{FAE04EC0-301F-11D3-BF4B-00C04F79EFBC}") = "Document.Migrator", "src\Tools\Document.Migrator\Document.Migrator.csproj", "{6C625186-50AA-4B1C-87E7-54119044286A}"
EndProject
Project("{FAE04EC0-301F-11D3-BF4B-00C04F79EFBC}") = "Notification.Migrator", "src\Tools\Notification.Migrator\Notification.Migrator.csproj", "{1CD3A05F-C1D8-4F44-8726-B86D2D96C8C3}"
EndProject
Project("{FAE04EC0-301F-11D3-BF4B-00C04F79EFBC}") = "Registry.Migrator", "src\Tools\Registry.Migrator\Registry.Migrator.csproj", "{607B1E36-D9D9-4396-90FA-DFB093FC2272}"
EndProject
Project("{FAE04EC0-301F-11D3-BF4B-00C04F79EFBC}") = "Org.Migrator", "src\Tools\Org.Migrator\Org.Migrator.csproj", "{5FD27631-1B11-4988-9010-557B2EA15D3D}"
EndProject
Project("{FAE04EC0-301F-11D3-BF4B-00C04F79EFBC}") = "Iam.Migrator", "src\Tools\Iam.Migrator\Iam.Migrator.csproj", "{BC309A39-16E2-4EFB-93F0-226C77F8D92A}"
EndProject
Global
	GlobalSection(SolutionConfigurationPlatforms) = preSolution
		Debug|Any CPU = Debug|Any CPU
		Debug|x64 = Debug|x64
		Debug|x86 = Debug|x86
		Release|Any CPU = Release|Any CPU
		Release|x64 = Release|x64
		Release|x86 = Release|x86
	EndGlobalSection
	GlobalSection(ProjectConfigurationPlatforms) = postSolution
		{B137764D-4839-4377-BB7B-F2313D3E3E7B}.Debug|Any CPU.ActiveCfg = Debug|Any CPU
		{B137764D-4839-4377-BB7B-F2313D3E3E7B}.Debug|Any CPU.Build.0 = Debug|Any CPU
		{B137764D-4839-4377-BB7B-F2313D3E3E7B}.Debug|x64.ActiveCfg = Debug|Any CPU
		{B137764D-4839-4377-BB7B-F2313D3E3E7B}.Debug|x64.Build.0 = Debug|Any CPU
		{B137764D-4839-4377-BB7B-F2313D3E3E7B}.Debug|x86.ActiveCfg = Debug|Any CPU
		{B137764D-4839-4377-BB7B-F2313D3E3E7B}.Debug|x86.Build.0 = Debug|Any CPU
		{B137764D-4839-4377-BB7B-F2313D3E3E7B}.Release|Any CPU.ActiveCfg = Release|Any CPU
		{B137764D-4839-4377-BB7B-F2313D3E3E7B}.Release|Any CPU.Build.0 = Release|Any CPU
		{B137764D-4839-4377-BB7B-F2313D3E3E7B}.Release|x64.ActiveCfg = Release|Any CPU
		{B137764D-4839-4377-BB7B-F2313D3E3E7B}.Release|x64.Build.0 = Release|Any CPU
		{B137764D-4839-4377-BB7B-F2313D3E3E7B}.Release|x86.ActiveCfg = Release|Any CPU
		{B137764D-4839-4377-BB7B-F2313D3E3E7B}.Release|x86.Build.0 = Release|Any CPU
		{3C6E0A3B-411E-437C-994B-7C9A70AA43DE}.Debug|Any CPU.ActiveCfg = Debug|Any CPU
		{3C6E0A3B-411E-437C-994B-7C9A70AA43DE}.Debug|Any CPU.Build.0 = Debug|Any CPU
		{3C6E0A3B-411E-437C-994B-7C9A70AA43DE}.Debug|x64.ActiveCfg = Debug|Any CPU
		{3C6E0A3B-411E-437C-994B-7C9A70AA43DE}.Debug|x64.Build.0 = Debug|Any CPU
		{3C6E0A3B-411E-437C-994B-7C9A70AA43DE}.Debug|x86.ActiveCfg = Debug|Any CPU
		{3C6E0A3B-411E-437C-994B-7C9A70AA43DE}.Debug|x86.Build.0 = Debug|Any CPU
		{3C6E0A3B-411E-437C-994B-7C9A70AA43DE}.Release|Any CPU.ActiveCfg = Release|Any CPU
		{3C6E0A3B-411E-437C-994B-7C9A70AA43DE}.Release|Any CPU.Build.0 = Release|Any CPU
		{3C6E0A3B-411E-437C-994B-7C9A70AA43DE}.Release|x64.ActiveCfg = Release|Any CPU
		{3C6E0A3B-411E-437C-994B-7C9A70AA43DE}.Release|x64.Build.0 = Release|Any CPU
		{3C6E0A3B-411E-437C-994B-7C9A70AA43DE}.Release|x86.ActiveCfg = Release|Any CPU
		{3C6E0A3B-411E-437C-994B-7C9A70AA43DE}.Release|x86.Build.0 = Release|Any CPU
		{387768DF-BBF6-48D1-9E78-F0746F134A7C}.Debug|Any CPU.ActiveCfg = Debug|Any CPU
		{387768DF-BBF6-48D1-9E78-F0746F134A7C}.Debug|Any CPU.Build.0 = Debug|Any CPU
		{387768DF-BBF6-48D1-9E78-F0746F134A7C}.Debug|x64.ActiveCfg = Debug|Any CPU
		{387768DF-BBF6-48D1-9E78-F0746F134A7C}.Debug|x64.Build.0 = Debug|Any CPU
		{387768DF-BBF6-48D1-9E78-F0746F134A7C}.Debug|x86.ActiveCfg = Debug|Any CPU
		{387768DF-BBF6-48D1-9E78-F0746F134A7C}.Debug|x86.Build.0 = Debug|Any CPU
		{387768DF-BBF6-48D1-9E78-F0746F134A7C}.Release|Any CPU.ActiveCfg = Release|Any CPU
		{387768DF-BBF6-48D1-9E78-F0746F134A7C}.Release|Any CPU.Build.0 = Release|Any CPU
		{387768DF-BBF6-48D1-9E78-F0746F134A7C}.Release|x64.ActiveCfg = Release|Any CPU
		{387768DF-BBF6-48D1-9E78-F0746F134A7C}.Release|x64.Build.0 = Release|Any CPU
		{387768DF-BBF6-48D1-9E78-F0746F134A7C}.Release|x86.ActiveCfg = Release|Any CPU
		{387768DF-BBF6-48D1-9E78-F0746F134A7C}.Release|x86.Build.0 = Release|Any CPU
		{A44C394D-DF0E-4818-B803-6BDFC03FAF3C}.Debug|Any CPU.ActiveCfg = Debug|Any CPU
		{A44C394D-DF0E-4818-B803-6BDFC03FAF3C}.Debug|Any CPU.Build.0 = Debug|Any CPU
		{A44C394D-DF0E-4818-B803-6BDFC03FAF3C}.Debug|x64.ActiveCfg = Debug|Any CPU
		{A44C394D-DF0E-4818-B803-6BDFC03FAF3C}.Debug|x64.Build.0 = Debug|Any CPU
		{A44C394D-DF0E-4818-B803-6BDFC03FAF3C}.Debug|x86.ActiveCfg = Debug|Any CPU
		{A44C394D-DF0E-4818-B803-6BDFC03FAF3C}.Debug|x86.Build.0 = Debug|Any CPU
		{A44C394D-DF0E-4818-B803-6BDFC03FAF3C}.Release|Any CPU.ActiveCfg = Release|Any CPU
		{A44C394D-DF0E-4818-B803-6BDFC03FAF3C}.Release|Any CPU.Build.0 = Release|Any CPU
		{A44C394D-DF0E-4818-B803-6BDFC03FAF3C}.Release|x64.ActiveCfg = Release|Any CPU
		{A44C394D-DF0E-4818-B803-6BDFC03FAF3C}.Release|x64.Build.0 = Release|Any CPU
		{A44C394D-DF0E-4818-B803-6BDFC03FAF3C}.Release|x86.ActiveCfg = Release|Any CPU
		{A44C394D-DF0E-4818-B803-6BDFC03FAF3C}.Release|x86.Build.0 = Release|Any CPU
		{C9501CCD-8002-4268-B3E8-6AB34F26F496}.Debug|Any CPU.ActiveCfg = Debug|Any CPU
		{C9501CCD-8002-4268-B3E8-6AB34F26F496}.Debug|Any CPU.Build.0 = Debug|Any CPU
		{C9501CCD-8002-4268-B3E8-6AB34F26F496}.Debug|x64.ActiveCfg = Debug|Any CPU
		{C9501CCD-8002-4268-B3E8-6AB34F26F496}.Debug|x64.Build.0 = Debug|Any CPU
		{C9501CCD-8002-4268-B3E8-6AB34F26F496}.Debug|x86.ActiveCfg = Debug|Any CPU
		{C9501CCD-8002-4268-B3E8-6AB34F26F496}.Debug|x86.Build.0 = Debug|Any CPU
		{C9501CCD-8002-4268-B3E8-6AB34F26F496}.Release|Any CPU.ActiveCfg = Release|Any CPU
		{C9501CCD-8002-4268-B3E8-6AB34F26F496}.Release|Any CPU.Build.0 = Release|Any CPU
		{C9501CCD-8002-4268-B3E8-6AB34F26F496}.Release|x64.ActiveCfg = Release|Any CPU
		{C9501CCD-8002-4268-B3E8-6AB34F26F496}.Release|x64.Build.0 = Release|Any CPU
		{C9501CCD-8002-4268-B3E8-6AB34F26F496}.Release|x86.ActiveCfg = Release|Any CPU
		{C9501CCD-8002-4268-B3E8-6AB34F26F496}.Release|x86.Build.0 = Release|Any CPU
		{07E65829-5724-40E4-8C3D-B679AACF783E}.Debug|Any CPU.ActiveCfg = Debug|Any CPU
		{07E65829-5724-40E4-8C3D-B679AACF783E}.Debug|Any CPU.Build.0 = Debug|Any CPU
		{07E65829-5724-40E4-8C3D-B679AACF783E}.Debug|x64.ActiveCfg = Debug|Any CPU
		{07E65829-5724-40E4-8C3D-B679AACF783E}.Debug|x64.Build.0 = Debug|Any CPU
		{07E65829-5724-40E4-8C3D-B679AACF783E}.Debug|x86.ActiveCfg = Debug|Any CPU
		{07E65829-5724-40E4-8C3D-B679AACF783E}.Debug|x86.Build.0 = Debug|Any CPU
		{07E65829-5724-40E4-8C3D-B679AACF783E}.Release|Any CPU.ActiveCfg = Release|Any CPU
		{07E65829-5724-40E4-8C3D-B679AACF783E}.Release|Any CPU.Build.0 = Release|Any CPU
		{07E65829-5724-40E4-8C3D-B679AACF783E}.Release|x64.ActiveCfg = Release|Any CPU
		{07E65829-5724-40E4-8C3D-B679AACF783E}.Release|x64.Build.0 = Release|Any CPU
		{07E65829-5724-40E4-8C3D-B679AACF783E}.Release|x86.ActiveCfg = Release|Any CPU
		{07E65829-5724-40E4-8C3D-B679AACF783E}.Release|x86.Build.0 = Release|Any CPU
		{8DB7044E-6DB3-4ACB-9816-2F601EC61BCA}.Debug|Any CPU.ActiveCfg = Debug|Any CPU
		{8DB7044E-6DB3-4ACB-9816-2F601EC61BCA}.Debug|Any CPU.Build.0 = Debug|Any CPU
		{8DB7044E-6DB3-4ACB-9816-2F601EC61BCA}.Debug|x64.ActiveCfg = Debug|Any CPU
		{8DB7044E-6DB3-4ACB-9816-2F601EC61BCA}.Debug|x64.Build.0 = Debug|Any CPU
		{8DB7044E-6DB3-4ACB-9816-2F601EC61BCA}.Debug|x86.ActiveCfg = Debug|Any CPU
		{8DB7044E-6DB3-4ACB-9816-2F601EC61BCA}.Debug|x86.Build.0 = Debug|Any CPU
		{8DB7044E-6DB3-4ACB-9816-2F601EC61BCA}.Release|Any CPU.ActiveCfg = Release|Any CPU
		{8DB7044E-6DB3-4ACB-9816-2F601EC61BCA}.Release|Any CPU.Build.0 = Release|Any CPU
		{8DB7044E-6DB3-4ACB-9816-2F601EC61BCA}.Release|x64.ActiveCfg = Release|Any CPU
		{8DB7044E-6DB3-4ACB-9816-2F601EC61BCA}.Release|x64.Build.0 = Release|Any CPU
		{8DB7044E-6DB3-4ACB-9816-2F601EC61BCA}.Release|x86.ActiveCfg = Release|Any CPU
		{8DB7044E-6DB3-4ACB-9816-2F601EC61BCA}.Release|x86.Build.0 = Release|Any CPU
		{759B4934-1F32-4A18-839B-5DF75D7700C5}.Debug|Any CPU.ActiveCfg = Debug|Any CPU
		{759B4934-1F32-4A18-839B-5DF75D7700C5}.Debug|Any CPU.Build.0 = Debug|Any CPU
		{759B4934-1F32-4A18-839B-5DF75D7700C5}.Debug|x64.ActiveCfg = Debug|Any CPU
		{759B4934-1F32-4A18-839B-5DF75D7700C5}.Debug|x64.Build.0 = Debug|Any CPU
		{759B4934-1F32-4A18-839B-5DF75D7700C5}.Debug|x86.ActiveCfg = Debug|Any CPU
		{759B4934-1F32-4A18-839B-5DF75D7700C5}.Debug|x86.Build.0 = Debug|Any CPU
		{759B4934-1F32-4A18-839B-5DF75D7700C5}.Release|Any CPU.ActiveCfg = Release|Any CPU
		{759B4934-1F32-4A18-839B-5DF75D7700C5}.Release|Any CPU.Build.0 = Release|Any CPU
		{759B4934-1F32-4A18-839B-5DF75D7700C5}.Release|x64.ActiveCfg = Release|Any CPU
		{759B4934-1F32-4A18-839B-5DF75D7700C5}.Release|x64.Build.0 = Release|Any CPU
		{759B4934-1F32-4A18-839B-5DF75D7700C5}.Release|x86.ActiveCfg = Release|Any CPU
		{759B4934-1F32-4A18-839B-5DF75D7700C5}.Release|x86.Build.0 = Release|Any CPU
		{E811609A-AB7B-4496-B814-9E46EB0570C7}.Debug|Any CPU.ActiveCfg = Debug|Any CPU
		{E811609A-AB7B-4496-B814-9E46EB0570C7}.Debug|Any CPU.Build.0 = Debug|Any CPU
		{E811609A-AB7B-4496-B814-9E46EB0570C7}.Debug|x64.ActiveCfg = Debug|Any CPU
		{E811609A-AB7B-4496-B814-9E46EB0570C7}.Debug|x64.Build.0 = Debug|Any CPU
		{E811609A-AB7B-4496-B814-9E46EB0570C7}.Debug|x86.ActiveCfg = Debug|Any CPU
		{E811609A-AB7B-4496-B814-9E46EB0570C7}.Debug|x86.Build.0 = Debug|Any CPU
		{E811609A-AB7B-4496-B814-9E46EB0570C7}.Release|Any CPU.ActiveCfg = Release|Any CPU
		{E811609A-AB7B-4496-B814-9E46EB0570C7}.Release|Any CPU.Build.0 = Release|Any CPU
		{E811609A-AB7B-4496-B814-9E46EB0570C7}.Release|x64.ActiveCfg = Release|Any CPU
		{E811609A-AB7B-4496-B814-9E46EB0570C7}.Release|x64.Build.0 = Release|Any CPU
		{E811609A-AB7B-4496-B814-9E46EB0570C7}.Release|x86.ActiveCfg = Release|Any CPU
		{E811609A-AB7B-4496-B814-9E46EB0570C7}.Release|x86.Build.0 = Release|Any CPU
		{D2641FF5-C448-4021-A893-8F5844BF7B6D}.Debug|Any CPU.ActiveCfg = Debug|Any CPU
		{D2641FF5-C448-4021-A893-8F5844BF7B6D}.Debug|Any CPU.Build.0 = Debug|Any CPU
		{D2641FF5-C448-4021-A893-8F5844BF7B6D}.Debug|x64.ActiveCfg = Debug|Any CPU
		{D2641FF5-C448-4021-A893-8F5844BF7B6D}.Debug|x64.Build.0 = Debug|Any CPU
		{D2641FF5-C448-4021-A893-8F5844BF7B6D}.Debug|x86.ActiveCfg = Debug|Any CPU
		{D2641FF5-C448-4021-A893-8F5844BF7B6D}.Debug|x86.Build.0 = Debug|Any CPU
		{D2641FF5-C448-4021-A893-8F5844BF7B6D}.Release|Any CPU.ActiveCfg = Release|Any CPU
		{D2641FF5-C448-4021-A893-8F5844BF7B6D}.Release|Any CPU.Build.0 = Release|Any CPU
		{D2641FF5-C448-4021-A893-8F5844BF7B6D}.Release|x64.ActiveCfg = Release|Any CPU
		{D2641FF5-C448-4021-A893-8F5844BF7B6D}.Release|x64.Build.0 = Release|Any CPU
		{D2641FF5-C448-4021-A893-8F5844BF7B6D}.Release|x86.ActiveCfg = Release|Any CPU
		{D2641FF5-C448-4021-A893-8F5844BF7B6D}.Release|x86.Build.0 = Release|Any CPU
		{B67320B9-0199-460D-BD1E-A1F922B2CAF7}.Debug|Any CPU.ActiveCfg = Debug|Any CPU
		{B67320B9-0199-460D-BD1E-A1F922B2CAF7}.Debug|Any CPU.Build.0 = Debug|Any CPU
		{B67320B9-0199-460D-BD1E-A1F922B2CAF7}.Debug|x64.ActiveCfg = Debug|Any CPU
		{B67320B9-0199-460D-BD1E-A1F922B2CAF7}.Debug|x64.Build.0 = Debug|Any CPU
		{B67320B9-0199-460D-BD1E-A1F922B2CAF7}.Debug|x86.ActiveCfg = Debug|Any CPU
		{B67320B9-0199-460D-BD1E-A1F922B2CAF7}.Debug|x86.Build.0 = Debug|Any CPU
		{B67320B9-0199-460D-BD1E-A1F922B2CAF7}.Release|Any CPU.ActiveCfg = Release|Any CPU
		{B67320B9-0199-460D-BD1E-A1F922B2CAF7}.Release|Any CPU.Build.0 = Release|Any CPU
		{B67320B9-0199-460D-BD1E-A1F922B2CAF7}.Release|x64.ActiveCfg = Release|Any CPU
		{B67320B9-0199-460D-BD1E-A1F922B2CAF7}.Release|x64.Build.0 = Release|Any CPU
		{B67320B9-0199-460D-BD1E-A1F922B2CAF7}.Release|x86.ActiveCfg = Release|Any CPU
		{B67320B9-0199-460D-BD1E-A1F922B2CAF7}.Release|x86.Build.0 = Release|Any CPU
		{A1E0B825-2C5F-46A3-BBA9-AED565EA4777}.Debug|Any CPU.ActiveCfg = Debug|Any CPU
		{A1E0B825-2C5F-46A3-BBA9-AED565EA4777}.Debug|Any CPU.Build.0 = Debug|Any CPU
		{A1E0B825-2C5F-46A3-BBA9-AED565EA4777}.Debug|x64.ActiveCfg = Debug|Any CPU
		{A1E0B825-2C5F-46A3-BBA9-AED565EA4777}.Debug|x64.Build.0 = Debug|Any CPU
		{A1E0B825-2C5F-46A3-BBA9-AED565EA4777}.Debug|x86.ActiveCfg = Debug|Any CPU
		{A1E0B825-2C5F-46A3-BBA9-AED565EA4777}.Debug|x86.Build.0 = Debug|Any CPU
		{A1E0B825-2C5F-46A3-BBA9-AED565EA4777}.Release|Any CPU.ActiveCfg = Release|Any CPU
		{A1E0B825-2C5F-46A3-BBA9-AED565EA4777}.Release|Any CPU.Build.0 = Release|Any CPU
		{A1E0B825-2C5F-46A3-BBA9-AED565EA4777}.Release|x64.ActiveCfg = Release|Any CPU
		{A1E0B825-2C5F-46A3-BBA9-AED565EA4777}.Release|x64.Build.0 = Release|Any CPU
		{A1E0B825-2C5F-46A3-BBA9-AED565EA4777}.Release|x86.ActiveCfg = Release|Any CPU
		{A1E0B825-2C5F-46A3-BBA9-AED565EA4777}.Release|x86.Build.0 = Release|Any CPU
		{25BA736A-3576-4C58-B0B0-A41E11DDE9E2}.Debug|Any CPU.ActiveCfg = Debug|Any CPU
		{25BA736A-3576-4C58-B0B0-A41E11DDE9E2}.Debug|Any CPU.Build.0 = Debug|Any CPU
		{25BA736A-3576-4C58-B0B0-A41E11DDE9E2}.Debug|x64.ActiveCfg = Debug|Any CPU
		{25BA736A-3576-4C58-B0B0-A41E11DDE9E2}.Debug|x64.Build.0 = Debug|Any CPU
		{25BA736A-3576-4C58-B0B0-A41E11DDE9E2}.Debug|x86.ActiveCfg = Debug|Any CPU
		{25BA736A-3576-4C58-B0B0-A41E11DDE9E2}.Debug|x86.Build.0 = Debug|Any CPU
		{25BA736A-3576-4C58-B0B0-A41E11DDE9E2}.Release|Any CPU.ActiveCfg = Release|Any CPU
		{25BA736A-3576-4C58-B0B0-A41E11DDE9E2}.Release|Any CPU.Build.0 = Release|Any CPU
		{25BA736A-3576-4C58-B0B0-A41E11DDE9E2}.Release|x64.ActiveCfg = Release|Any CPU
		{25BA736A-3576-4C58-B0B0-A41E11DDE9E2}.Release|x64.Build.0 = Release|Any CPU
		{25BA736A-3576-4C58-B0B0-A41E11DDE9E2}.Release|x86.ActiveCfg = Release|Any CPU
		{25BA736A-3576-4C58-B0B0-A41E11DDE9E2}.Release|x86.Build.0 = Release|Any CPU
		{0066B76B-FC9F-4F6A-B51B-18548ED54AB7}.Debug|Any CPU.ActiveCfg = Debug|Any CPU
		{0066B76B-FC9F-4F6A-B51B-18548ED54AB7}.Debug|Any CPU.Build.0 = Debug|Any CPU
		{0066B76B-FC9F-4F6A-B51B-18548ED54AB7}.Debug|x64.ActiveCfg = Debug|Any CPU
		{0066B76B-FC9F-4F6A-B51B-18548ED54AB7}.Debug|x64.Build.0 = Debug|Any CPU
		{0066B76B-FC9F-4F6A-B51B-18548ED54AB7}.Debug|x86.ActiveCfg = Debug|Any CPU
		{0066B76B-FC9F-4F6A-B51B-18548ED54AB7}.Debug|x86.Build.0 = Debug|Any CPU
		{0066B76B-FC9F-4F6A-B51B-18548ED54AB7}.Release|Any CPU.ActiveCfg = Release|Any CPU
		{0066B76B-FC9F-4F6A-B51B-18548ED54AB7}.Release|Any CPU.Build.0 = Release|Any CPU
		{0066B76B-FC9F-4F6A-B51B-18548ED54AB7}.Release|x64.ActiveCfg = Release|Any CPU
		{0066B76B-FC9F-4F6A-B51B-18548ED54AB7}.Release|x64.Build.0 = Release|Any CPU
		{0066B76B-FC9F-4F6A-B51B-18548ED54AB7}.Release|x86.ActiveCfg = Release|Any CPU
		{0066B76B-FC9F-4F6A-B51B-18548ED54AB7}.Release|x86.Build.0 = Release|Any CPU
		{B6FC8DDE-E6E4-445C-8467-47F6BA2082A4}.Debug|Any CPU.ActiveCfg = Debug|Any CPU
		{B6FC8DDE-E6E4-445C-8467-47F6BA2082A4}.Debug|Any CPU.Build.0 = Debug|Any CPU
		{B6FC8DDE-E6E4-445C-8467-47F6BA2082A4}.Debug|x64.ActiveCfg = Debug|Any CPU
		{B6FC8DDE-E6E4-445C-8467-47F6BA2082A4}.Debug|x64.Build.0 = Debug|Any CPU
		{B6FC8DDE-E6E4-445C-8467-47F6BA2082A4}.Debug|x86.ActiveCfg = Debug|Any CPU
		{B6FC8DDE-E6E4-445C-8467-47F6BA2082A4}.Debug|x86.Build.0 = Debug|Any CPU
		{B6FC8DDE-E6E4-445C-8467-47F6BA2082A4}.Release|Any CPU.ActiveCfg = Release|Any CPU
		{B6FC8DDE-E6E4-445C-8467-47F6BA2082A4}.Release|Any CPU.Build.0 = Release|Any CPU
		{B6FC8DDE-E6E4-445C-8467-47F6BA2082A4}.Release|x64.ActiveCfg = Release|Any CPU
		{B6FC8DDE-E6E4-445C-8467-47F6BA2082A4}.Release|x64.Build.0 = Release|Any CPU
		{B6FC8DDE-E6E4-445C-8467-47F6BA2082A4}.Release|x86.ActiveCfg = Release|Any CPU
		{B6FC8DDE-E6E4-445C-8467-47F6BA2082A4}.Release|x86.Build.0 = Release|Any CPU
		{0A68D070-74F5-4EA4-A335-E583F35C15EC}.Debug|Any CPU.ActiveCfg = Debug|Any CPU
		{0A68D070-74F5-4EA4-A335-E583F35C15EC}.Debug|Any CPU.Build.0 = Debug|Any CPU
		{0A68D070-74F5-4EA4-A335-E583F35C15EC}.Debug|x64.ActiveCfg = Debug|Any CPU
		{0A68D070-74F5-4EA4-A335-E583F35C15EC}.Debug|x64.Build.0 = Debug|Any CPU
		{0A68D070-74F5-4EA4-A335-E583F35C15EC}.Debug|x86.ActiveCfg = Debug|Any CPU
		{0A68D070-74F5-4EA4-A335-E583F35C15EC}.Debug|x86.Build.0 = Debug|Any CPU
		{0A68D070-74F5-4EA4-A335-E583F35C15EC}.Release|Any CPU.ActiveCfg = Release|Any CPU
		{0A68D070-74F5-4EA4-A335-E583F35C15EC}.Release|Any CPU.Build.0 = Release|Any CPU
		{0A68D070-74F5-4EA4-A335-E583F35C15EC}.Release|x64.ActiveCfg = Release|Any CPU
		{0A68D070-74F5-4EA4-A335-E583F35C15EC}.Release|x64.Build.0 = Release|Any CPU
		{0A68D070-74F5-4EA4-A335-E583F35C15EC}.Release|x86.ActiveCfg = Release|Any CPU
		{0A68D070-74F5-4EA4-A335-E583F35C15EC}.Release|x86.Build.0 = Release|Any CPU
		{77FB7518-0081-4230-A3BD-3F511C4C8585}.Debug|Any CPU.ActiveCfg = Debug|Any CPU
		{77FB7518-0081-4230-A3BD-3F511C4C8585}.Debug|Any CPU.Build.0 = Debug|Any CPU
		{77FB7518-0081-4230-A3BD-3F511C4C8585}.Debug|x64.ActiveCfg = Debug|Any CPU
		{77FB7518-0081-4230-A3BD-3F511C4C8585}.Debug|x64.Build.0 = Debug|Any CPU
		{77FB7518-0081-4230-A3BD-3F511C4C8585}.Debug|x86.ActiveCfg = Debug|Any CPU
		{77FB7518-0081-4230-A3BD-3F511C4C8585}.Debug|x86.Build.0 = Debug|Any CPU
		{77FB7518-0081-4230-A3BD-3F511C4C8585}.Release|Any CPU.ActiveCfg = Release|Any CPU
		{77FB7518-0081-4230-A3BD-3F511C4C8585}.Release|Any CPU.Build.0 = Release|Any CPU
		{77FB7518-0081-4230-A3BD-3F511C4C8585}.Release|x64.ActiveCfg = Release|Any CPU
		{77FB7518-0081-4230-A3BD-3F511C4C8585}.Release|x64.Build.0 = Release|Any CPU
		{77FB7518-0081-4230-A3BD-3F511C4C8585}.Release|x86.ActiveCfg = Release|Any CPU
		{77FB7518-0081-4230-A3BD-3F511C4C8585}.Release|x86.Build.0 = Release|Any CPU
		{796DBCEC-433D-4F1A-9200-353698944070}.Debug|Any CPU.ActiveCfg = Debug|Any CPU
		{796DBCEC-433D-4F1A-9200-353698944070}.Debug|Any CPU.Build.0 = Debug|Any CPU
		{796DBCEC-433D-4F1A-9200-353698944070}.Debug|x64.ActiveCfg = Debug|Any CPU
		{796DBCEC-433D-4F1A-9200-353698944070}.Debug|x64.Build.0 = Debug|Any CPU
		{796DBCEC-433D-4F1A-9200-353698944070}.Debug|x86.ActiveCfg = Debug|Any CPU
		{796DBCEC-433D-4F1A-9200-353698944070}.Debug|x86.Build.0 = Debug|Any CPU
		{796DBCEC-433D-4F1A-9200-353698944070}.Release|Any CPU.ActiveCfg = Release|Any CPU
		{796DBCEC-433D-4F1A-9200-353698944070}.Release|Any CPU.Build.0 = Release|Any CPU
		{796DBCEC-433D-4F1A-9200-353698944070}.Release|x64.ActiveCfg = Release|Any CPU
		{796DBCEC-433D-4F1A-9200-353698944070}.Release|x64.Build.0 = Release|Any CPU
		{796DBCEC-433D-4F1A-9200-353698944070}.Release|x86.ActiveCfg = Release|Any CPU
		{796DBCEC-433D-4F1A-9200-353698944070}.Release|x86.Build.0 = Release|Any CPU
		{0FD58F9F-BFA2-40EC-BDCC-3808F4BC732F}.Debug|Any CPU.ActiveCfg = Debug|Any CPU
		{0FD58F9F-BFA2-40EC-BDCC-3808F4BC732F}.Debug|Any CPU.Build.0 = Debug|Any CPU
		{0FD58F9F-BFA2-40EC-BDCC-3808F4BC732F}.Debug|x64.ActiveCfg = Debug|Any CPU
		{0FD58F9F-BFA2-40EC-BDCC-3808F4BC732F}.Debug|x64.Build.0 = Debug|Any CPU
		{0FD58F9F-BFA2-40EC-BDCC-3808F4BC732F}.Debug|x86.ActiveCfg = Debug|Any CPU
		{0FD58F9F-BFA2-40EC-BDCC-3808F4BC732F}.Debug|x86.Build.0 = Debug|Any CPU
		{0FD58F9F-BFA2-40EC-BDCC-3808F4BC732F}.Release|Any CPU.ActiveCfg = Release|Any CPU
		{0FD58F9F-BFA2-40EC-BDCC-3808F4BC732F}.Release|Any CPU.Build.0 = Release|Any CPU
		{0FD58F9F-BFA2-40EC-BDCC-3808F4BC732F}.Release|x64.ActiveCfg = Release|Any CPU
		{0FD58F9F-BFA2-40EC-BDCC-3808F4BC732F}.Release|x64.Build.0 = Release|Any CPU
		{0FD58F9F-BFA2-40EC-BDCC-3808F4BC732F}.Release|x86.ActiveCfg = Release|Any CPU
		{0FD58F9F-BFA2-40EC-BDCC-3808F4BC732F}.Release|x86.Build.0 = Release|Any CPU
		{17B0812C-F055-448F-B6F9-BA390F68B230}.Debug|Any CPU.ActiveCfg = Debug|Any CPU
		{17B0812C-F055-448F-B6F9-BA390F68B230}.Debug|Any CPU.Build.0 = Debug|Any CPU
		{17B0812C-F055-448F-B6F9-BA390F68B230}.Debug|x64.ActiveCfg = Debug|Any CPU
		{17B0812C-F055-448F-B6F9-BA390F68B230}.Debug|x64.Build.0 = Debug|Any CPU
		{17B0812C-F055-448F-B6F9-BA390F68B230}.Debug|x86.ActiveCfg = Debug|Any CPU
		{17B0812C-F055-448F-B6F9-BA390F68B230}.Debug|x86.Build.0 = Debug|Any CPU
		{17B0812C-F055-448F-B6F9-BA390F68B230}.Release|Any CPU.ActiveCfg = Release|Any CPU
		{17B0812C-F055-448F-B6F9-BA390F68B230}.Release|Any CPU.Build.0 = Release|Any CPU
		{17B0812C-F055-448F-B6F9-BA390F68B230}.Release|x64.ActiveCfg = Release|Any CPU
		{17B0812C-F055-448F-B6F9-BA390F68B230}.Release|x64.Build.0 = Release|Any CPU
		{17B0812C-F055-448F-B6F9-BA390F68B230}.Release|x86.ActiveCfg = Release|Any CPU
		{17B0812C-F055-448F-B6F9-BA390F68B230}.Release|x86.Build.0 = Release|Any CPU
		{5C32F42E-069B-405C-AA66-F764C4D16E07}.Debug|Any CPU.ActiveCfg = Debug|Any CPU
		{5C32F42E-069B-405C-AA66-F764C4D16E07}.Debug|Any CPU.Build.0 = Debug|Any CPU
		{5C32F42E-069B-405C-AA66-F764C4D16E07}.Debug|x64.ActiveCfg = Debug|Any CPU
		{5C32F42E-069B-405C-AA66-F764C4D16E07}.Debug|x64.Build.0 = Debug|Any CPU
		{5C32F42E-069B-405C-AA66-F764C4D16E07}.Debug|x86.ActiveCfg = Debug|Any CPU
		{5C32F42E-069B-405C-AA66-F764C4D16E07}.Debug|x86.Build.0 = Debug|Any CPU
		{5C32F42E-069B-405C-AA66-F764C4D16E07}.Release|Any CPU.ActiveCfg = Release|Any CPU
		{5C32F42E-069B-405C-AA66-F764C4D16E07}.Release|Any CPU.Build.0 = Release|Any CPU
		{5C32F42E-069B-405C-AA66-F764C4D16E07}.Release|x64.ActiveCfg = Release|Any CPU
		{5C32F42E-069B-405C-AA66-F764C4D16E07}.Release|x64.Build.0 = Release|Any CPU
		{5C32F42E-069B-405C-AA66-F764C4D16E07}.Release|x86.ActiveCfg = Release|Any CPU
		{5C32F42E-069B-405C-AA66-F764C4D16E07}.Release|x86.Build.0 = Release|Any CPU
		{4C488DEE-F382-4492-B3D4-2A80222B1394}.Debug|Any CPU.ActiveCfg = Debug|Any CPU
		{4C488DEE-F382-4492-B3D4-2A80222B1394}.Debug|Any CPU.Build.0 = Debug|Any CPU
		{4C488DEE-F382-4492-B3D4-2A80222B1394}.Debug|x64.ActiveCfg = Debug|Any CPU
		{4C488DEE-F382-4492-B3D4-2A80222B1394}.Debug|x64.Build.0 = Debug|Any CPU
		{4C488DEE-F382-4492-B3D4-2A80222B1394}.Debug|x86.ActiveCfg = Debug|Any CPU
		{4C488DEE-F382-4492-B3D4-2A80222B1394}.Debug|x86.Build.0 = Debug|Any CPU
		{4C488DEE-F382-4492-B3D4-2A80222B1394}.Release|Any CPU.ActiveCfg = Release|Any CPU
		{4C488DEE-F382-4492-B3D4-2A80222B1394}.Release|Any CPU.Build.0 = Release|Any CPU
		{4C488DEE-F382-4492-B3D4-2A80222B1394}.Release|x64.ActiveCfg = Release|Any CPU
		{4C488DEE-F382-4492-B3D4-2A80222B1394}.Release|x64.Build.0 = Release|Any CPU
		{4C488DEE-F382-4492-B3D4-2A80222B1394}.Release|x86.ActiveCfg = Release|Any CPU
		{4C488DEE-F382-4492-B3D4-2A80222B1394}.Release|x86.Build.0 = Release|Any CPU
		{9F046B24-C9A7-4797-B1B0-404F91DBBD28}.Debug|Any CPU.ActiveCfg = Debug|Any CPU
		{9F046B24-C9A7-4797-B1B0-404F91DBBD28}.Debug|Any CPU.Build.0 = Debug|Any CPU
		{9F046B24-C9A7-4797-B1B0-404F91DBBD28}.Debug|x64.ActiveCfg = Debug|Any CPU
		{9F046B24-C9A7-4797-B1B0-404F91DBBD28}.Debug|x64.Build.0 = Debug|Any CPU
		{9F046B24-C9A7-4797-B1B0-404F91DBBD28}.Debug|x86.ActiveCfg = Debug|Any CPU
		{9F046B24-C9A7-4797-B1B0-404F91DBBD28}.Debug|x86.Build.0 = Debug|Any CPU
		{9F046B24-C9A7-4797-B1B0-404F91DBBD28}.Release|Any CPU.ActiveCfg = Release|Any CPU
		{9F046B24-C9A7-4797-B1B0-404F91DBBD28}.Release|Any CPU.Build.0 = Release|Any CPU
		{9F046B24-C9A7-4797-B1B0-404F91DBBD28}.Release|x64.ActiveCfg = Release|Any CPU
		{9F046B24-C9A7-4797-B1B0-404F91DBBD28}.Release|x64.Build.0 = Release|Any CPU
		{9F046B24-C9A7-4797-B1B0-404F91DBBD28}.Release|x86.ActiveCfg = Release|Any CPU
		{9F046B24-C9A7-4797-B1B0-404F91DBBD28}.Release|x86.Build.0 = Release|Any CPU
		{C749781B-17F1-4D76-9F16-5773AAE42DE8}.Debug|Any CPU.ActiveCfg = Debug|Any CPU
		{C749781B-17F1-4D76-9F16-5773AAE42DE8}.Debug|Any CPU.Build.0 = Debug|Any CPU
		{C749781B-17F1-4D76-9F16-5773AAE42DE8}.Debug|x64.ActiveCfg = Debug|Any CPU
		{C749781B-17F1-4D76-9F16-5773AAE42DE8}.Debug|x64.Build.0 = Debug|Any CPU
		{C749781B-17F1-4D76-9F16-5773AAE42DE8}.Debug|x86.ActiveCfg = Debug|Any CPU
		{C749781B-17F1-4D76-9F16-5773AAE42DE8}.Debug|x86.Build.0 = Debug|Any CPU
		{C749781B-17F1-4D76-9F16-5773AAE42DE8}.Release|Any CPU.ActiveCfg = Release|Any CPU
		{C749781B-17F1-4D76-9F16-5773AAE42DE8}.Release|Any CPU.Build.0 = Release|Any CPU
		{C749781B-17F1-4D76-9F16-5773AAE42DE8}.Release|x64.ActiveCfg = Release|Any CPU
		{C749781B-17F1-4D76-9F16-5773AAE42DE8}.Release|x64.Build.0 = Release|Any CPU
		{C749781B-17F1-4D76-9F16-5773AAE42DE8}.Release|x86.ActiveCfg = Release|Any CPU
		{C749781B-17F1-4D76-9F16-5773AAE42DE8}.Release|x86.Build.0 = Release|Any CPU
		{0E31FD53-BBC6-4303-9DCF-7B98ED5EDC19}.Debug|Any CPU.ActiveCfg = Debug|Any CPU
		{0E31FD53-BBC6-4303-9DCF-7B98ED5EDC19}.Debug|Any CPU.Build.0 = Debug|Any CPU
		{0E31FD53-BBC6-4303-9DCF-7B98ED5EDC19}.Debug|x64.ActiveCfg = Debug|Any CPU
		{0E31FD53-BBC6-4303-9DCF-7B98ED5EDC19}.Debug|x64.Build.0 = Debug|Any CPU
		{0E31FD53-BBC6-4303-9DCF-7B98ED5EDC19}.Debug|x86.ActiveCfg = Debug|Any CPU
		{0E31FD53-BBC6-4303-9DCF-7B98ED5EDC19}.Debug|x86.Build.0 = Debug|Any CPU
		{0E31FD53-BBC6-4303-9DCF-7B98ED5EDC19}.Release|Any CPU.ActiveCfg = Release|Any CPU
		{0E31FD53-BBC6-4303-9DCF-7B98ED5EDC19}.Release|Any CPU.Build.0 = Release|Any CPU
		{0E31FD53-BBC6-4303-9DCF-7B98ED5EDC19}.Release|x64.ActiveCfg = Release|Any CPU
		{0E31FD53-BBC6-4303-9DCF-7B98ED5EDC19}.Release|x64.Build.0 = Release|Any CPU
		{0E31FD53-BBC6-4303-9DCF-7B98ED5EDC19}.Release|x86.ActiveCfg = Release|Any CPU
		{0E31FD53-BBC6-4303-9DCF-7B98ED5EDC19}.Release|x86.Build.0 = Release|Any CPU
		{A0CB6C43-4C1D-45B4-A478-3A82A8A3343C}.Debug|Any CPU.ActiveCfg = Debug|Any CPU
		{A0CB6C43-4C1D-45B4-A478-3A82A8A3343C}.Debug|Any CPU.Build.0 = Debug|Any CPU
		{A0CB6C43-4C1D-45B4-A478-3A82A8A3343C}.Debug|x64.ActiveCfg = Debug|Any CPU
		{A0CB6C43-4C1D-45B4-A478-3A82A8A3343C}.Debug|x64.Build.0 = Debug|Any CPU
		{A0CB6C43-4C1D-45B4-A478-3A82A8A3343C}.Debug|x86.ActiveCfg = Debug|Any CPU
		{A0CB6C43-4C1D-45B4-A478-3A82A8A3343C}.Debug|x86.Build.0 = Debug|Any CPU
		{A0CB6C43-4C1D-45B4-A478-3A82A8A3343C}.Release|Any CPU.ActiveCfg = Release|Any CPU
		{A0CB6C43-4C1D-45B4-A478-3A82A8A3343C}.Release|Any CPU.Build.0 = Release|Any CPU
		{A0CB6C43-4C1D-45B4-A478-3A82A8A3343C}.Release|x64.ActiveCfg = Release|Any CPU
		{A0CB6C43-4C1D-45B4-A478-3A82A8A3343C}.Release|x64.Build.0 = Release|Any CPU
		{A0CB6C43-4C1D-45B4-A478-3A82A8A3343C}.Release|x86.ActiveCfg = Release|Any CPU
		{A0CB6C43-4C1D-45B4-A478-3A82A8A3343C}.Release|x86.Build.0 = Release|Any CPU
		{15ABD8A4-94B2-4F9F-8F62-9A67925349E7}.Debug|Any CPU.ActiveCfg = Debug|Any CPU
		{15ABD8A4-94B2-4F9F-8F62-9A67925349E7}.Debug|Any CPU.Build.0 = Debug|Any CPU
		{15ABD8A4-94B2-4F9F-8F62-9A67925349E7}.Debug|x64.ActiveCfg = Debug|Any CPU
		{15ABD8A4-94B2-4F9F-8F62-9A67925349E7}.Debug|x64.Build.0 = Debug|Any CPU
		{15ABD8A4-94B2-4F9F-8F62-9A67925349E7}.Debug|x86.ActiveCfg = Debug|Any CPU
		{15ABD8A4-94B2-4F9F-8F62-9A67925349E7}.Debug|x86.Build.0 = Debug|Any CPU
		{15ABD8A4-94B2-4F9F-8F62-9A67925349E7}.Release|Any CPU.ActiveCfg = Release|Any CPU
		{15ABD8A4-94B2-4F9F-8F62-9A67925349E7}.Release|Any CPU.Build.0 = Release|Any CPU
		{15ABD8A4-94B2-4F9F-8F62-9A67925349E7}.Release|x64.ActiveCfg = Release|Any CPU
		{15ABD8A4-94B2-4F9F-8F62-9A67925349E7}.Release|x64.Build.0 = Release|Any CPU
		{15ABD8A4-94B2-4F9F-8F62-9A67925349E7}.Release|x86.ActiveCfg = Release|Any CPU
		{15ABD8A4-94B2-4F9F-8F62-9A67925349E7}.Release|x86.Build.0 = Release|Any CPU
		{5CB391BA-A3FD-4E63-B8C7-56831CDCCCD5}.Debug|Any CPU.ActiveCfg = Debug|Any CPU
		{5CB391BA-A3FD-4E63-B8C7-56831CDCCCD5}.Debug|Any CPU.Build.0 = Debug|Any CPU
		{5CB391BA-A3FD-4E63-B8C7-56831CDCCCD5}.Debug|x64.ActiveCfg = Debug|Any CPU
		{5CB391BA-A3FD-4E63-B8C7-56831CDCCCD5}.Debug|x64.Build.0 = Debug|Any CPU
		{5CB391BA-A3FD-4E63-B8C7-56831CDCCCD5}.Debug|x86.ActiveCfg = Debug|Any CPU
		{5CB391BA-A3FD-4E63-B8C7-56831CDCCCD5}.Debug|x86.Build.0 = Debug|Any CPU
		{5CB391BA-A3FD-4E63-B8C7-56831CDCCCD5}.Release|Any CPU.ActiveCfg = Release|Any CPU
		{5CB391BA-A3FD-4E63-B8C7-56831CDCCCD5}.Release|Any CPU.Build.0 = Release|Any CPU
		{5CB391BA-A3FD-4E63-B8C7-56831CDCCCD5}.Release|x64.ActiveCfg = Release|Any CPU
		{5CB391BA-A3FD-4E63-B8C7-56831CDCCCD5}.Release|x64.Build.0 = Release|Any CPU
		{5CB391BA-A3FD-4E63-B8C7-56831CDCCCD5}.Release|x86.ActiveCfg = Release|Any CPU
		{5CB391BA-A3FD-4E63-B8C7-56831CDCCCD5}.Release|x86.Build.0 = Release|Any CPU
		{B152DF44-2E7E-405A-9167-94AEED66E97C}.Debug|Any CPU.ActiveCfg = Debug|Any CPU
		{B152DF44-2E7E-405A-9167-94AEED66E97C}.Debug|Any CPU.Build.0 = Debug|Any CPU
		{B152DF44-2E7E-405A-9167-94AEED66E97C}.Debug|x64.ActiveCfg = Debug|Any CPU
		{B152DF44-2E7E-405A-9167-94AEED66E97C}.Debug|x64.Build.0 = Debug|Any CPU
		{B152DF44-2E7E-405A-9167-94AEED66E97C}.Debug|x86.ActiveCfg = Debug|Any CPU
		{B152DF44-2E7E-405A-9167-94AEED66E97C}.Debug|x86.Build.0 = Debug|Any CPU
		{B152DF44-2E7E-405A-9167-94AEED66E97C}.Release|Any CPU.ActiveCfg = Release|Any CPU
		{B152DF44-2E7E-405A-9167-94AEED66E97C}.Release|Any CPU.Build.0 = Release|Any CPU
		{B152DF44-2E7E-405A-9167-94AEED66E97C}.Release|x64.ActiveCfg = Release|Any CPU
		{B152DF44-2E7E-405A-9167-94AEED66E97C}.Release|x64.Build.0 = Release|Any CPU
		{B152DF44-2E7E-405A-9167-94AEED66E97C}.Release|x86.ActiveCfg = Release|Any CPU
		{B152DF44-2E7E-405A-9167-94AEED66E97C}.Release|x86.Build.0 = Release|Any CPU
		{753E2B0C-4F11-407B-BA4E-EF25210B3DA6}.Debug|Any CPU.ActiveCfg = Debug|Any CPU
		{753E2B0C-4F11-407B-BA4E-EF25210B3DA6}.Debug|Any CPU.Build.0 = Debug|Any CPU
		{753E2B0C-4F11-407B-BA4E-EF25210B3DA6}.Debug|x64.ActiveCfg = Debug|Any CPU
		{753E2B0C-4F11-407B-BA4E-EF25210B3DA6}.Debug|x64.Build.0 = Debug|Any CPU
		{753E2B0C-4F11-407B-BA4E-EF25210B3DA6}.Debug|x86.ActiveCfg = Debug|Any CPU
		{753E2B0C-4F11-407B-BA4E-EF25210B3DA6}.Debug|x86.Build.0 = Debug|Any CPU
		{753E2B0C-4F11-407B-BA4E-EF25210B3DA6}.Release|Any CPU.ActiveCfg = Release|Any CPU
		{753E2B0C-4F11-407B-BA4E-EF25210B3DA6}.Release|Any CPU.Build.0 = Release|Any CPU
		{753E2B0C-4F11-407B-BA4E-EF25210B3DA6}.Release|x64.ActiveCfg = Release|Any CPU
		{753E2B0C-4F11-407B-BA4E-EF25210B3DA6}.Release|x64.Build.0 = Release|Any CPU
		{753E2B0C-4F11-407B-BA4E-EF25210B3DA6}.Release|x86.ActiveCfg = Release|Any CPU
		{753E2B0C-4F11-407B-BA4E-EF25210B3DA6}.Release|x86.Build.0 = Release|Any CPU
		{7C5C72FE-38C4-40CA-85FE-1231B90A2E53}.Debug|Any CPU.ActiveCfg = Debug|Any CPU
		{7C5C72FE-38C4-40CA-85FE-1231B90A2E53}.Debug|Any CPU.Build.0 = Debug|Any CPU
		{7C5C72FE-38C4-40CA-85FE-1231B90A2E53}.Debug|x64.ActiveCfg = Debug|Any CPU
		{7C5C72FE-38C4-40CA-85FE-1231B90A2E53}.Debug|x64.Build.0 = Debug|Any CPU
		{7C5C72FE-38C4-40CA-85FE-1231B90A2E53}.Debug|x86.ActiveCfg = Debug|Any CPU
		{7C5C72FE-38C4-40CA-85FE-1231B90A2E53}.Debug|x86.Build.0 = Debug|Any CPU
		{7C5C72FE-38C4-40CA-85FE-1231B90A2E53}.Release|Any CPU.ActiveCfg = Release|Any CPU
		{7C5C72FE-38C4-40CA-85FE-1231B90A2E53}.Release|Any CPU.Build.0 = Release|Any CPU
		{7C5C72FE-38C4-40CA-85FE-1231B90A2E53}.Release|x64.ActiveCfg = Release|Any CPU
		{7C5C72FE-38C4-40CA-85FE-1231B90A2E53}.Release|x64.Build.0 = Release|Any CPU
		{7C5C72FE-38C4-40CA-85FE-1231B90A2E53}.Release|x86.ActiveCfg = Release|Any CPU
		{7C5C72FE-38C4-40CA-85FE-1231B90A2E53}.Release|x86.Build.0 = Release|Any CPU
		{E7813BF6-A229-445A-BCC8-35494F2CF5AF}.Debug|Any CPU.ActiveCfg = Debug|Any CPU
		{E7813BF6-A229-445A-BCC8-35494F2CF5AF}.Debug|Any CPU.Build.0 = Debug|Any CPU
		{E7813BF6-A229-445A-BCC8-35494F2CF5AF}.Debug|x64.ActiveCfg = Debug|Any CPU
		{E7813BF6-A229-445A-BCC8-35494F2CF5AF}.Debug|x64.Build.0 = Debug|Any CPU
		{E7813BF6-A229-445A-BCC8-35494F2CF5AF}.Debug|x86.ActiveCfg = Debug|Any CPU
		{E7813BF6-A229-445A-BCC8-35494F2CF5AF}.Debug|x86.Build.0 = Debug|Any CPU
		{E7813BF6-A229-445A-BCC8-35494F2CF5AF}.Release|Any CPU.ActiveCfg = Release|Any CPU
		{E7813BF6-A229-445A-BCC8-35494F2CF5AF}.Release|Any CPU.Build.0 = Release|Any CPU
		{E7813BF6-A229-445A-BCC8-35494F2CF5AF}.Release|x64.ActiveCfg = Release|Any CPU
		{E7813BF6-A229-445A-BCC8-35494F2CF5AF}.Release|x64.Build.0 = Release|Any CPU
		{E7813BF6-A229-445A-BCC8-35494F2CF5AF}.Release|x86.ActiveCfg = Release|Any CPU
		{E7813BF6-A229-445A-BCC8-35494F2CF5AF}.Release|x86.Build.0 = Release|Any CPU
		{3FBD2E39-8F88-44F8-8264-FA682094D0A3}.Debug|Any CPU.ActiveCfg = Debug|Any CPU
		{3FBD2E39-8F88-44F8-8264-FA682094D0A3}.Debug|Any CPU.Build.0 = Debug|Any CPU
		{3FBD2E39-8F88-44F8-8264-FA682094D0A3}.Debug|x64.ActiveCfg = Debug|Any CPU
		{3FBD2E39-8F88-44F8-8264-FA682094D0A3}.Debug|x64.Build.0 = Debug|Any CPU
		{3FBD2E39-8F88-44F8-8264-FA682094D0A3}.Debug|x86.ActiveCfg = Debug|Any CPU
		{3FBD2E39-8F88-44F8-8264-FA682094D0A3}.Debug|x86.Build.0 = Debug|Any CPU
		{3FBD2E39-8F88-44F8-8264-FA682094D0A3}.Release|Any CPU.ActiveCfg = Release|Any CPU
		{3FBD2E39-8F88-44F8-8264-FA682094D0A3}.Release|Any CPU.Build.0 = Release|Any CPU
		{3FBD2E39-8F88-44F8-8264-FA682094D0A3}.Release|x64.ActiveCfg = Release|Any CPU
		{3FBD2E39-8F88-44F8-8264-FA682094D0A3}.Release|x64.Build.0 = Release|Any CPU
		{3FBD2E39-8F88-44F8-8264-FA682094D0A3}.Release|x86.ActiveCfg = Release|Any CPU
		{3FBD2E39-8F88-44F8-8264-FA682094D0A3}.Release|x86.Build.0 = Release|Any CPU
		{D0FD130B-D67E-4F50-BE82-82BF5A8AC026}.Debug|Any CPU.ActiveCfg = Debug|Any CPU
		{D0FD130B-D67E-4F50-BE82-82BF5A8AC026}.Debug|Any CPU.Build.0 = Debug|Any CPU
		{D0FD130B-D67E-4F50-BE82-82BF5A8AC026}.Debug|x64.ActiveCfg = Debug|Any CPU
		{D0FD130B-D67E-4F50-BE82-82BF5A8AC026}.Debug|x64.Build.0 = Debug|Any CPU
		{D0FD130B-D67E-4F50-BE82-82BF5A8AC026}.Debug|x86.ActiveCfg = Debug|Any CPU
		{D0FD130B-D67E-4F50-BE82-82BF5A8AC026}.Debug|x86.Build.0 = Debug|Any CPU
		{D0FD130B-D67E-4F50-BE82-82BF5A8AC026}.Release|Any CPU.ActiveCfg = Release|Any CPU
		{D0FD130B-D67E-4F50-BE82-82BF5A8AC026}.Release|Any CPU.Build.0 = Release|Any CPU
		{D0FD130B-D67E-4F50-BE82-82BF5A8AC026}.Release|x64.ActiveCfg = Release|Any CPU
		{D0FD130B-D67E-4F50-BE82-82BF5A8AC026}.Release|x64.Build.0 = Release|Any CPU
		{D0FD130B-D67E-4F50-BE82-82BF5A8AC026}.Release|x86.ActiveCfg = Release|Any CPU
		{D0FD130B-D67E-4F50-BE82-82BF5A8AC026}.Release|x86.Build.0 = Release|Any CPU
		{80148782-1AFE-4793-8276-2C5EDCF160B6}.Debug|Any CPU.ActiveCfg = Debug|Any CPU
		{80148782-1AFE-4793-8276-2C5EDCF160B6}.Debug|Any CPU.Build.0 = Debug|Any CPU
		{80148782-1AFE-4793-8276-2C5EDCF160B6}.Debug|x64.ActiveCfg = Debug|Any CPU
		{80148782-1AFE-4793-8276-2C5EDCF160B6}.Debug|x64.Build.0 = Debug|Any CPU
		{80148782-1AFE-4793-8276-2C5EDCF160B6}.Debug|x86.ActiveCfg = Debug|Any CPU
		{80148782-1AFE-4793-8276-2C5EDCF160B6}.Debug|x86.Build.0 = Debug|Any CPU
		{80148782-1AFE-4793-8276-2C5EDCF160B6}.Release|Any CPU.ActiveCfg = Release|Any CPU
		{80148782-1AFE-4793-8276-2C5EDCF160B6}.Release|Any CPU.Build.0 = Release|Any CPU
		{80148782-1AFE-4793-8276-2C5EDCF160B6}.Release|x64.ActiveCfg = Release|Any CPU
		{80148782-1AFE-4793-8276-2C5EDCF160B6}.Release|x64.Build.0 = Release|Any CPU
		{80148782-1AFE-4793-8276-2C5EDCF160B6}.Release|x86.ActiveCfg = Release|Any CPU
		{80148782-1AFE-4793-8276-2C5EDCF160B6}.Release|x86.Build.0 = Release|Any CPU
		{87D61594-A03F-4659-B07A-445BAB112D20}.Debug|Any CPU.ActiveCfg = Debug|Any CPU
		{87D61594-A03F-4659-B07A-445BAB112D20}.Debug|Any CPU.Build.0 = Debug|Any CPU
		{87D61594-A03F-4659-B07A-445BAB112D20}.Debug|x64.ActiveCfg = Debug|Any CPU
		{87D61594-A03F-4659-B07A-445BAB112D20}.Debug|x64.Build.0 = Debug|Any CPU
		{87D61594-A03F-4659-B07A-445BAB112D20}.Debug|x86.ActiveCfg = Debug|Any CPU
		{87D61594-A03F-4659-B07A-445BAB112D20}.Debug|x86.Build.0 = Debug|Any CPU
		{87D61594-A03F-4659-B07A-445BAB112D20}.Release|Any CPU.ActiveCfg = Release|Any CPU
		{87D61594-A03F-4659-B07A-445BAB112D20}.Release|Any CPU.Build.0 = Release|Any CPU
		{87D61594-A03F-4659-B07A-445BAB112D20}.Release|x64.ActiveCfg = Release|Any CPU
		{87D61594-A03F-4659-B07A-445BAB112D20}.Release|x64.Build.0 = Release|Any CPU
		{87D61594-A03F-4659-B07A-445BAB112D20}.Release|x86.ActiveCfg = Release|Any CPU
		{87D61594-A03F-4659-B07A-445BAB112D20}.Release|x86.Build.0 = Release|Any CPU
		{780F83ED-ADA6-4BC5-893D-56FC5A4E8EC1}.Debug|Any CPU.ActiveCfg = Debug|Any CPU
		{780F83ED-ADA6-4BC5-893D-56FC5A4E8EC1}.Debug|Any CPU.Build.0 = Debug|Any CPU
		{780F83ED-ADA6-4BC5-893D-56FC5A4E8EC1}.Debug|x64.ActiveCfg = Debug|Any CPU
		{780F83ED-ADA6-4BC5-893D-56FC5A4E8EC1}.Debug|x64.Build.0 = Debug|Any CPU
		{780F83ED-ADA6-4BC5-893D-56FC5A4E8EC1}.Debug|x86.ActiveCfg = Debug|Any CPU
		{780F83ED-ADA6-4BC5-893D-56FC5A4E8EC1}.Debug|x86.Build.0 = Debug|Any CPU
		{780F83ED-ADA6-4BC5-893D-56FC5A4E8EC1}.Release|Any CPU.ActiveCfg = Release|Any CPU
		{780F83ED-ADA6-4BC5-893D-56FC5A4E8EC1}.Release|Any CPU.Build.0 = Release|Any CPU
		{780F83ED-ADA6-4BC5-893D-56FC5A4E8EC1}.Release|x64.ActiveCfg = Release|Any CPU
		{780F83ED-ADA6-4BC5-893D-56FC5A4E8EC1}.Release|x64.Build.0 = Release|Any CPU
		{780F83ED-ADA6-4BC5-893D-56FC5A4E8EC1}.Release|x86.ActiveCfg = Release|Any CPU
		{780F83ED-ADA6-4BC5-893D-56FC5A4E8EC1}.Release|x86.Build.0 = Release|Any CPU
		{680B2FBB-4ED0-4853-923A-2FB372215CD7}.Debug|Any CPU.ActiveCfg = Debug|Any CPU
		{680B2FBB-4ED0-4853-923A-2FB372215CD7}.Debug|Any CPU.Build.0 = Debug|Any CPU
		{680B2FBB-4ED0-4853-923A-2FB372215CD7}.Debug|x64.ActiveCfg = Debug|Any CPU
		{680B2FBB-4ED0-4853-923A-2FB372215CD7}.Debug|x64.Build.0 = Debug|Any CPU
		{680B2FBB-4ED0-4853-923A-2FB372215CD7}.Debug|x86.ActiveCfg = Debug|Any CPU
		{680B2FBB-4ED0-4853-923A-2FB372215CD7}.Debug|x86.Build.0 = Debug|Any CPU
		{680B2FBB-4ED0-4853-923A-2FB372215CD7}.Release|Any CPU.ActiveCfg = Release|Any CPU
		{680B2FBB-4ED0-4853-923A-2FB372215CD7}.Release|Any CPU.Build.0 = Release|Any CPU
		{680B2FBB-4ED0-4853-923A-2FB372215CD7}.Release|x64.ActiveCfg = Release|Any CPU
		{680B2FBB-4ED0-4853-923A-2FB372215CD7}.Release|x64.Build.0 = Release|Any CPU
		{680B2FBB-4ED0-4853-923A-2FB372215CD7}.Release|x86.ActiveCfg = Release|Any CPU
		{680B2FBB-4ED0-4853-923A-2FB372215CD7}.Release|x86.Build.0 = Release|Any CPU
		{9EF22F5C-5F70-4082-A8F5-98B3BE15BB84}.Debug|Any CPU.ActiveCfg = Debug|Any CPU
		{9EF22F5C-5F70-4082-A8F5-98B3BE15BB84}.Debug|Any CPU.Build.0 = Debug|Any CPU
		{9EF22F5C-5F70-4082-A8F5-98B3BE15BB84}.Debug|x64.ActiveCfg = Debug|Any CPU
		{9EF22F5C-5F70-4082-A8F5-98B3BE15BB84}.Debug|x64.Build.0 = Debug|Any CPU
		{9EF22F5C-5F70-4082-A8F5-98B3BE15BB84}.Debug|x86.ActiveCfg = Debug|Any CPU
		{9EF22F5C-5F70-4082-A8F5-98B3BE15BB84}.Debug|x86.Build.0 = Debug|Any CPU
		{9EF22F5C-5F70-4082-A8F5-98B3BE15BB84}.Release|Any CPU.ActiveCfg = Release|Any CPU
		{9EF22F5C-5F70-4082-A8F5-98B3BE15BB84}.Release|Any CPU.Build.0 = Release|Any CPU
		{9EF22F5C-5F70-4082-A8F5-98B3BE15BB84}.Release|x64.ActiveCfg = Release|Any CPU
		{9EF22F5C-5F70-4082-A8F5-98B3BE15BB84}.Release|x64.Build.0 = Release|Any CPU
		{9EF22F5C-5F70-4082-A8F5-98B3BE15BB84}.Release|x86.ActiveCfg = Release|Any CPU
		{9EF22F5C-5F70-4082-A8F5-98B3BE15BB84}.Release|x86.Build.0 = Release|Any CPU
		{6A4ADE92-BA8C-48FB-9C04-8DFFC6E8D82F}.Debug|Any CPU.ActiveCfg = Debug|Any CPU
		{6A4ADE92-BA8C-48FB-9C04-8DFFC6E8D82F}.Debug|Any CPU.Build.0 = Debug|Any CPU
		{6A4ADE92-BA8C-48FB-9C04-8DFFC6E8D82F}.Debug|x64.ActiveCfg = Debug|Any CPU
		{6A4ADE92-BA8C-48FB-9C04-8DFFC6E8D82F}.Debug|x64.Build.0 = Debug|Any CPU
		{6A4ADE92-BA8C-48FB-9C04-8DFFC6E8D82F}.Debug|x86.ActiveCfg = Debug|Any CPU
		{6A4ADE92-BA8C-48FB-9C04-8DFFC6E8D82F}.Debug|x86.Build.0 = Debug|Any CPU
		{6A4ADE92-BA8C-48FB-9C04-8DFFC6E8D82F}.Release|Any CPU.ActiveCfg = Release|Any CPU
		{6A4ADE92-BA8C-48FB-9C04-8DFFC6E8D82F}.Release|Any CPU.Build.0 = Release|Any CPU
		{6A4ADE92-BA8C-48FB-9C04-8DFFC6E8D82F}.Release|x64.ActiveCfg = Release|Any CPU
		{6A4ADE92-BA8C-48FB-9C04-8DFFC6E8D82F}.Release|x64.Build.0 = Release|Any CPU
		{6A4ADE92-BA8C-48FB-9C04-8DFFC6E8D82F}.Release|x86.ActiveCfg = Release|Any CPU
		{6A4ADE92-BA8C-48FB-9C04-8DFFC6E8D82F}.Release|x86.Build.0 = Release|Any CPU
		{BDC02B29-2DC4-4909-A2B7-FF94C5FA7DEF}.Debug|Any CPU.ActiveCfg = Debug|Any CPU
		{BDC02B29-2DC4-4909-A2B7-FF94C5FA7DEF}.Debug|Any CPU.Build.0 = Debug|Any CPU
		{BDC02B29-2DC4-4909-A2B7-FF94C5FA7DEF}.Debug|x64.ActiveCfg = Debug|Any CPU
		{BDC02B29-2DC4-4909-A2B7-FF94C5FA7DEF}.Debug|x64.Build.0 = Debug|Any CPU
		{BDC02B29-2DC4-4909-A2B7-FF94C5FA7DEF}.Debug|x86.ActiveCfg = Debug|Any CPU
		{BDC02B29-2DC4-4909-A2B7-FF94C5FA7DEF}.Debug|x86.Build.0 = Debug|Any CPU
		{BDC02B29-2DC4-4909-A2B7-FF94C5FA7DEF}.Release|Any CPU.ActiveCfg = Release|Any CPU
		{BDC02B29-2DC4-4909-A2B7-FF94C5FA7DEF}.Release|Any CPU.Build.0 = Release|Any CPU
		{BDC02B29-2DC4-4909-A2B7-FF94C5FA7DEF}.Release|x64.ActiveCfg = Release|Any CPU
		{BDC02B29-2DC4-4909-A2B7-FF94C5FA7DEF}.Release|x64.Build.0 = Release|Any CPU
		{BDC02B29-2DC4-4909-A2B7-FF94C5FA7DEF}.Release|x86.ActiveCfg = Release|Any CPU
		{BDC02B29-2DC4-4909-A2B7-FF94C5FA7DEF}.Release|x86.Build.0 = Release|Any CPU
		{CF207909-A53A-4841-8933-0F2FA9B6E75F}.Debug|Any CPU.ActiveCfg = Debug|Any CPU
		{CF207909-A53A-4841-8933-0F2FA9B6E75F}.Debug|Any CPU.Build.0 = Debug|Any CPU
		{CF207909-A53A-4841-8933-0F2FA9B6E75F}.Debug|x64.ActiveCfg = Debug|Any CPU
		{CF207909-A53A-4841-8933-0F2FA9B6E75F}.Debug|x64.Build.0 = Debug|Any CPU
		{CF207909-A53A-4841-8933-0F2FA9B6E75F}.Debug|x86.ActiveCfg = Debug|Any CPU
		{CF207909-A53A-4841-8933-0F2FA9B6E75F}.Debug|x86.Build.0 = Debug|Any CPU
		{CF207909-A53A-4841-8933-0F2FA9B6E75F}.Release|Any CPU.ActiveCfg = Release|Any CPU
		{CF207909-A53A-4841-8933-0F2FA9B6E75F}.Release|Any CPU.Build.0 = Release|Any CPU
		{CF207909-A53A-4841-8933-0F2FA9B6E75F}.Release|x64.ActiveCfg = Release|Any CPU
		{CF207909-A53A-4841-8933-0F2FA9B6E75F}.Release|x64.Build.0 = Release|Any CPU
		{CF207909-A53A-4841-8933-0F2FA9B6E75F}.Release|x86.ActiveCfg = Release|Any CPU
		{CF207909-A53A-4841-8933-0F2FA9B6E75F}.Release|x86.Build.0 = Release|Any CPU
		{6B9AE737-96BD-497F-A0D9-20E8ACC44DD7}.Debug|Any CPU.ActiveCfg = Debug|Any CPU
		{6B9AE737-96BD-497F-A0D9-20E8ACC44DD7}.Debug|Any CPU.Build.0 = Debug|Any CPU
		{6B9AE737-96BD-497F-A0D9-20E8ACC44DD7}.Debug|x64.ActiveCfg = Debug|Any CPU
		{6B9AE737-96BD-497F-A0D9-20E8ACC44DD7}.Debug|x64.Build.0 = Debug|Any CPU
		{6B9AE737-96BD-497F-A0D9-20E8ACC44DD7}.Debug|x86.ActiveCfg = Debug|Any CPU
		{6B9AE737-96BD-497F-A0D9-20E8ACC44DD7}.Debug|x86.Build.0 = Debug|Any CPU
		{6B9AE737-96BD-497F-A0D9-20E8ACC44DD7}.Release|Any CPU.ActiveCfg = Release|Any CPU
		{6B9AE737-96BD-497F-A0D9-20E8ACC44DD7}.Release|Any CPU.Build.0 = Release|Any CPU
		{6B9AE737-96BD-497F-A0D9-20E8ACC44DD7}.Release|x64.ActiveCfg = Release|Any CPU
		{6B9AE737-96BD-497F-A0D9-20E8ACC44DD7}.Release|x64.Build.0 = Release|Any CPU
		{6B9AE737-96BD-497F-A0D9-20E8ACC44DD7}.Release|x86.ActiveCfg = Release|Any CPU
		{6B9AE737-96BD-497F-A0D9-20E8ACC44DD7}.Release|x86.Build.0 = Release|Any CPU
		{23CD2592-598B-4A26-8181-816AF17F9938}.Debug|Any CPU.ActiveCfg = Debug|Any CPU
		{23CD2592-598B-4A26-8181-816AF17F9938}.Debug|Any CPU.Build.0 = Debug|Any CPU
		{23CD2592-598B-4A26-8181-816AF17F9938}.Debug|x64.ActiveCfg = Debug|Any CPU
		{23CD2592-598B-4A26-8181-816AF17F9938}.Debug|x64.Build.0 = Debug|Any CPU
		{23CD2592-598B-4A26-8181-816AF17F9938}.Debug|x86.ActiveCfg = Debug|Any CPU
		{23CD2592-598B-4A26-8181-816AF17F9938}.Debug|x86.Build.0 = Debug|Any CPU
		{23CD2592-598B-4A26-8181-816AF17F9938}.Release|Any CPU.ActiveCfg = Release|Any CPU
		{23CD2592-598B-4A26-8181-816AF17F9938}.Release|Any CPU.Build.0 = Release|Any CPU
		{23CD2592-598B-4A26-8181-816AF17F9938}.Release|x64.ActiveCfg = Release|Any CPU
		{23CD2592-598B-4A26-8181-816AF17F9938}.Release|x64.Build.0 = Release|Any CPU
		{23CD2592-598B-4A26-8181-816AF17F9938}.Release|x86.ActiveCfg = Release|Any CPU
		{23CD2592-598B-4A26-8181-816AF17F9938}.Release|x86.Build.0 = Release|Any CPU
		{F3DCE2E0-ED0D-43BC-AF38-F9145DA9D86E}.Debug|Any CPU.ActiveCfg = Debug|Any CPU
		{F3DCE2E0-ED0D-43BC-AF38-F9145DA9D86E}.Debug|Any CPU.Build.0 = Debug|Any CPU
		{F3DCE2E0-ED0D-43BC-AF38-F9145DA9D86E}.Debug|x64.ActiveCfg = Debug|Any CPU
		{F3DCE2E0-ED0D-43BC-AF38-F9145DA9D86E}.Debug|x64.Build.0 = Debug|Any CPU
		{F3DCE2E0-ED0D-43BC-AF38-F9145DA9D86E}.Debug|x86.ActiveCfg = Debug|Any CPU
		{F3DCE2E0-ED0D-43BC-AF38-F9145DA9D86E}.Debug|x86.Build.0 = Debug|Any CPU
		{F3DCE2E0-ED0D-43BC-AF38-F9145DA9D86E}.Release|Any CPU.ActiveCfg = Release|Any CPU
		{F3DCE2E0-ED0D-43BC-AF38-F9145DA9D86E}.Release|Any CPU.Build.0 = Release|Any CPU
		{F3DCE2E0-ED0D-43BC-AF38-F9145DA9D86E}.Release|x64.ActiveCfg = Release|Any CPU
		{F3DCE2E0-ED0D-43BC-AF38-F9145DA9D86E}.Release|x64.Build.0 = Release|Any CPU
		{F3DCE2E0-ED0D-43BC-AF38-F9145DA9D86E}.Release|x86.ActiveCfg = Release|Any CPU
		{F3DCE2E0-ED0D-43BC-AF38-F9145DA9D86E}.Release|x86.Build.0 = Release|Any CPU
		{890008DC-8A5C-4CAE-861A-7D746FF92658}.Debug|Any CPU.ActiveCfg = Debug|Any CPU
		{890008DC-8A5C-4CAE-861A-7D746FF92658}.Debug|Any CPU.Build.0 = Debug|Any CPU
		{890008DC-8A5C-4CAE-861A-7D746FF92658}.Debug|x64.ActiveCfg = Debug|Any CPU
		{890008DC-8A5C-4CAE-861A-7D746FF92658}.Debug|x64.Build.0 = Debug|Any CPU
		{890008DC-8A5C-4CAE-861A-7D746FF92658}.Debug|x86.ActiveCfg = Debug|Any CPU
		{890008DC-8A5C-4CAE-861A-7D746FF92658}.Debug|x86.Build.0 = Debug|Any CPU
		{890008DC-8A5C-4CAE-861A-7D746FF92658}.Release|Any CPU.ActiveCfg = Release|Any CPU
		{890008DC-8A5C-4CAE-861A-7D746FF92658}.Release|Any CPU.Build.0 = Release|Any CPU
		{890008DC-8A5C-4CAE-861A-7D746FF92658}.Release|x64.ActiveCfg = Release|Any CPU
		{890008DC-8A5C-4CAE-861A-7D746FF92658}.Release|x64.Build.0 = Release|Any CPU
		{890008DC-8A5C-4CAE-861A-7D746FF92658}.Release|x86.ActiveCfg = Release|Any CPU
		{890008DC-8A5C-4CAE-861A-7D746FF92658}.Release|x86.Build.0 = Release|Any CPU
		{29BF4F1A-F56A-44EF-BF53-2C22ED2BC015}.Debug|Any CPU.ActiveCfg = Debug|Any CPU
		{29BF4F1A-F56A-44EF-BF53-2C22ED2BC015}.Debug|Any CPU.Build.0 = Debug|Any CPU
		{29BF4F1A-F56A-44EF-BF53-2C22ED2BC015}.Debug|x64.ActiveCfg = Debug|Any CPU
		{29BF4F1A-F56A-44EF-BF53-2C22ED2BC015}.Debug|x64.Build.0 = Debug|Any CPU
		{29BF4F1A-F56A-44EF-BF53-2C22ED2BC015}.Debug|x86.ActiveCfg = Debug|Any CPU
		{29BF4F1A-F56A-44EF-BF53-2C22ED2BC015}.Debug|x86.Build.0 = Debug|Any CPU
		{29BF4F1A-F56A-44EF-BF53-2C22ED2BC015}.Release|Any CPU.ActiveCfg = Release|Any CPU
		{29BF4F1A-F56A-44EF-BF53-2C22ED2BC015}.Release|Any CPU.Build.0 = Release|Any CPU
		{29BF4F1A-F56A-44EF-BF53-2C22ED2BC015}.Release|x64.ActiveCfg = Release|Any CPU
		{29BF4F1A-F56A-44EF-BF53-2C22ED2BC015}.Release|x64.Build.0 = Release|Any CPU
		{29BF4F1A-F56A-44EF-BF53-2C22ED2BC015}.Release|x86.ActiveCfg = Release|Any CPU
		{29BF4F1A-F56A-44EF-BF53-2C22ED2BC015}.Release|x86.Build.0 = Release|Any CPU
		{945C555C-70CA-4F16-8E84-A5B5A2747FE7}.Debug|Any CPU.ActiveCfg = Debug|Any CPU
		{945C555C-70CA-4F16-8E84-A5B5A2747FE7}.Debug|Any CPU.Build.0 = Debug|Any CPU
		{945C555C-70CA-4F16-8E84-A5B5A2747FE7}.Debug|x64.ActiveCfg = Debug|Any CPU
		{945C555C-70CA-4F16-8E84-A5B5A2747FE7}.Debug|x64.Build.0 = Debug|Any CPU
		{945C555C-70CA-4F16-8E84-A5B5A2747FE7}.Debug|x86.ActiveCfg = Debug|Any CPU
		{945C555C-70CA-4F16-8E84-A5B5A2747FE7}.Debug|x86.Build.0 = Debug|Any CPU
		{945C555C-70CA-4F16-8E84-A5B5A2747FE7}.Release|Any CPU.ActiveCfg = Release|Any CPU
		{945C555C-70CA-4F16-8E84-A5B5A2747FE7}.Release|Any CPU.Build.0 = Release|Any CPU
		{945C555C-70CA-4F16-8E84-A5B5A2747FE7}.Release|x64.ActiveCfg = Release|Any CPU
		{945C555C-70CA-4F16-8E84-A5B5A2747FE7}.Release|x64.Build.0 = Release|Any CPU
		{945C555C-70CA-4F16-8E84-A5B5A2747FE7}.Release|x86.ActiveCfg = Release|Any CPU
		{945C555C-70CA-4F16-8E84-A5B5A2747FE7}.Release|x86.Build.0 = Release|Any CPU
		{904AB9A3-638C-4798-8E62-E40A85635537}.Debug|Any CPU.ActiveCfg = Debug|Any CPU
		{904AB9A3-638C-4798-8E62-E40A85635537}.Debug|Any CPU.Build.0 = Debug|Any CPU
		{904AB9A3-638C-4798-8E62-E40A85635537}.Debug|x64.ActiveCfg = Debug|Any CPU
		{904AB9A3-638C-4798-8E62-E40A85635537}.Debug|x64.Build.0 = Debug|Any CPU
		{904AB9A3-638C-4798-8E62-E40A85635537}.Debug|x86.ActiveCfg = Debug|Any CPU
		{904AB9A3-638C-4798-8E62-E40A85635537}.Debug|x86.Build.0 = Debug|Any CPU
		{904AB9A3-638C-4798-8E62-E40A85635537}.Release|Any CPU.ActiveCfg = Release|Any CPU
		{904AB9A3-638C-4798-8E62-E40A85635537}.Release|Any CPU.Build.0 = Release|Any CPU
		{904AB9A3-638C-4798-8E62-E40A85635537}.Release|x64.ActiveCfg = Release|Any CPU
		{904AB9A3-638C-4798-8E62-E40A85635537}.Release|x64.Build.0 = Release|Any CPU
		{904AB9A3-638C-4798-8E62-E40A85635537}.Release|x86.ActiveCfg = Release|Any CPU
		{904AB9A3-638C-4798-8E62-E40A85635537}.Release|x86.Build.0 = Release|Any CPU
		{820DF9F6-1254-4F18-B01A-083E010C205C}.Debug|Any CPU.ActiveCfg = Debug|Any CPU
		{820DF9F6-1254-4F18-B01A-083E010C205C}.Debug|Any CPU.Build.0 = Debug|Any CPU
		{820DF9F6-1254-4F18-B01A-083E010C205C}.Debug|x64.ActiveCfg = Debug|Any CPU
		{820DF9F6-1254-4F18-B01A-083E010C205C}.Debug|x64.Build.0 = Debug|Any CPU
		{820DF9F6-1254-4F18-B01A-083E010C205C}.Debug|x86.ActiveCfg = Debug|Any CPU
		{820DF9F6-1254-4F18-B01A-083E010C205C}.Debug|x86.Build.0 = Debug|Any CPU
		{820DF9F6-1254-4F18-B01A-083E010C205C}.Release|Any CPU.ActiveCfg = Release|Any CPU
		{820DF9F6-1254-4F18-B01A-083E010C205C}.Release|Any CPU.Build.0 = Release|Any CPU
		{820DF9F6-1254-4F18-B01A-083E010C205C}.Release|x64.ActiveCfg = Release|Any CPU
		{820DF9F6-1254-4F18-B01A-083E010C205C}.Release|x64.Build.0 = Release|Any CPU
		{820DF9F6-1254-4F18-B01A-083E010C205C}.Release|x86.ActiveCfg = Release|Any CPU
		{820DF9F6-1254-4F18-B01A-083E010C205C}.Release|x86.Build.0 = Release|Any CPU
		{E47AC7B8-1D9E-4870-A156-BBE36A2C89EE}.Debug|Any CPU.ActiveCfg = Debug|Any CPU
		{E47AC7B8-1D9E-4870-A156-BBE36A2C89EE}.Debug|Any CPU.Build.0 = Debug|Any CPU
		{E47AC7B8-1D9E-4870-A156-BBE36A2C89EE}.Debug|x64.ActiveCfg = Debug|Any CPU
		{E47AC7B8-1D9E-4870-A156-BBE36A2C89EE}.Debug|x64.Build.0 = Debug|Any CPU
		{E47AC7B8-1D9E-4870-A156-BBE36A2C89EE}.Debug|x86.ActiveCfg = Debug|Any CPU
		{E47AC7B8-1D9E-4870-A156-BBE36A2C89EE}.Debug|x86.Build.0 = Debug|Any CPU
		{E47AC7B8-1D9E-4870-A156-BBE36A2C89EE}.Release|Any CPU.ActiveCfg = Release|Any CPU
		{E47AC7B8-1D9E-4870-A156-BBE36A2C89EE}.Release|Any CPU.Build.0 = Release|Any CPU
		{E47AC7B8-1D9E-4870-A156-BBE36A2C89EE}.Release|x64.ActiveCfg = Release|Any CPU
		{E47AC7B8-1D9E-4870-A156-BBE36A2C89EE}.Release|x64.Build.0 = Release|Any CPU
		{E47AC7B8-1D9E-4870-A156-BBE36A2C89EE}.Release|x86.ActiveCfg = Release|Any CPU
		{E47AC7B8-1D9E-4870-A156-BBE36A2C89EE}.Release|x86.Build.0 = Release|Any CPU
		{ABF843AA-7C5C-42CD-AC8F-E89E4CEF5B94}.Debug|Any CPU.ActiveCfg = Debug|Any CPU
		{ABF843AA-7C5C-42CD-AC8F-E89E4CEF5B94}.Debug|Any CPU.Build.0 = Debug|Any CPU
		{ABF843AA-7C5C-42CD-AC8F-E89E4CEF5B94}.Debug|x64.ActiveCfg = Debug|Any CPU
		{ABF843AA-7C5C-42CD-AC8F-E89E4CEF5B94}.Debug|x64.Build.0 = Debug|Any CPU
		{ABF843AA-7C5C-42CD-AC8F-E89E4CEF5B94}.Debug|x86.ActiveCfg = Debug|Any CPU
		{ABF843AA-7C5C-42CD-AC8F-E89E4CEF5B94}.Debug|x86.Build.0 = Debug|Any CPU
		{ABF843AA-7C5C-42CD-AC8F-E89E4CEF5B94}.Release|Any CPU.ActiveCfg = Release|Any CPU
		{ABF843AA-7C5C-42CD-AC8F-E89E4CEF5B94}.Release|Any CPU.Build.0 = Release|Any CPU
		{ABF843AA-7C5C-42CD-AC8F-E89E4CEF5B94}.Release|x64.ActiveCfg = Release|Any CPU
		{ABF843AA-7C5C-42CD-AC8F-E89E4CEF5B94}.Release|x64.Build.0 = Release|Any CPU
		{ABF843AA-7C5C-42CD-AC8F-E89E4CEF5B94}.Release|x86.ActiveCfg = Release|Any CPU
		{ABF843AA-7C5C-42CD-AC8F-E89E4CEF5B94}.Release|x86.Build.0 = Release|Any CPU
		{860464F6-21F7-46D6-82CC-7E5D3D6B918E}.Debug|Any CPU.ActiveCfg = Debug|Any CPU
		{860464F6-21F7-46D6-82CC-7E5D3D6B918E}.Debug|Any CPU.Build.0 = Debug|Any CPU
		{860464F6-21F7-46D6-82CC-7E5D3D6B918E}.Debug|x64.ActiveCfg = Debug|Any CPU
		{860464F6-21F7-46D6-82CC-7E5D3D6B918E}.Debug|x64.Build.0 = Debug|Any CPU
		{860464F6-21F7-46D6-82CC-7E5D3D6B918E}.Debug|x86.ActiveCfg = Debug|Any CPU
		{860464F6-21F7-46D6-82CC-7E5D3D6B918E}.Debug|x86.Build.0 = Debug|Any CPU
		{860464F6-21F7-46D6-82CC-7E5D3D6B918E}.Release|Any CPU.ActiveCfg = Release|Any CPU
		{860464F6-21F7-46D6-82CC-7E5D3D6B918E}.Release|Any CPU.Build.0 = Release|Any CPU
		{860464F6-21F7-46D6-82CC-7E5D3D6B918E}.Release|x64.ActiveCfg = Release|Any CPU
		{860464F6-21F7-46D6-82CC-7E5D3D6B918E}.Release|x64.Build.0 = Release|Any CPU
		{860464F6-21F7-46D6-82CC-7E5D3D6B918E}.Release|x86.ActiveCfg = Release|Any CPU
		{860464F6-21F7-46D6-82CC-7E5D3D6B918E}.Release|x86.Build.0 = Release|Any CPU
		{70E85FAD-138D-4BB2-ACB3-0E0F9BF66973}.Debug|Any CPU.ActiveCfg = Debug|Any CPU
		{70E85FAD-138D-4BB2-ACB3-0E0F9BF66973}.Debug|Any CPU.Build.0 = Debug|Any CPU
		{70E85FAD-138D-4BB2-ACB3-0E0F9BF66973}.Debug|x64.ActiveCfg = Debug|Any CPU
		{70E85FAD-138D-4BB2-ACB3-0E0F9BF66973}.Debug|x64.Build.0 = Debug|Any CPU
		{70E85FAD-138D-4BB2-ACB3-0E0F9BF66973}.Debug|x86.ActiveCfg = Debug|Any CPU
		{70E85FAD-138D-4BB2-ACB3-0E0F9BF66973}.Debug|x86.Build.0 = Debug|Any CPU
		{70E85FAD-138D-4BB2-ACB3-0E0F9BF66973}.Release|Any CPU.ActiveCfg = Release|Any CPU
		{70E85FAD-138D-4BB2-ACB3-0E0F9BF66973}.Release|Any CPU.Build.0 = Release|Any CPU
		{70E85FAD-138D-4BB2-ACB3-0E0F9BF66973}.Release|x64.ActiveCfg = Release|Any CPU
		{70E85FAD-138D-4BB2-ACB3-0E0F9BF66973}.Release|x64.Build.0 = Release|Any CPU
		{70E85FAD-138D-4BB2-ACB3-0E0F9BF66973}.Release|x86.ActiveCfg = Release|Any CPU
		{70E85FAD-138D-4BB2-ACB3-0E0F9BF66973}.Release|x86.Build.0 = Release|Any CPU
		{A0708BC7-48AF-4190-88D5-D6F87B19A9C3}.Debug|Any CPU.ActiveCfg = Debug|Any CPU
		{A0708BC7-48AF-4190-88D5-D6F87B19A9C3}.Debug|Any CPU.Build.0 = Debug|Any CPU
		{A0708BC7-48AF-4190-88D5-D6F87B19A9C3}.Debug|x64.ActiveCfg = Debug|Any CPU
		{A0708BC7-48AF-4190-88D5-D6F87B19A9C3}.Debug|x64.Build.0 = Debug|Any CPU
		{A0708BC7-48AF-4190-88D5-D6F87B19A9C3}.Debug|x86.ActiveCfg = Debug|Any CPU
		{A0708BC7-48AF-4190-88D5-D6F87B19A9C3}.Debug|x86.Build.0 = Debug|Any CPU
		{A0708BC7-48AF-4190-88D5-D6F87B19A9C3}.Release|Any CPU.ActiveCfg = Release|Any CPU
		{A0708BC7-48AF-4190-88D5-D6F87B19A9C3}.Release|Any CPU.Build.0 = Release|Any CPU
		{A0708BC7-48AF-4190-88D5-D6F87B19A9C3}.Release|x64.ActiveCfg = Release|Any CPU
		{A0708BC7-48AF-4190-88D5-D6F87B19A9C3}.Release|x64.Build.0 = Release|Any CPU
		{A0708BC7-48AF-4190-88D5-D6F87B19A9C3}.Release|x86.ActiveCfg = Release|Any CPU
		{A0708BC7-48AF-4190-88D5-D6F87B19A9C3}.Release|x86.Build.0 = Release|Any CPU
		{5CD1BAB7-31C4-4428-8350-398A4B2005CD}.Debug|Any CPU.ActiveCfg = Debug|Any CPU
		{5CD1BAB7-31C4-4428-8350-398A4B2005CD}.Debug|Any CPU.Build.0 = Debug|Any CPU
		{5CD1BAB7-31C4-4428-8350-398A4B2005CD}.Debug|x64.ActiveCfg = Debug|Any CPU
		{5CD1BAB7-31C4-4428-8350-398A4B2005CD}.Debug|x64.Build.0 = Debug|Any CPU
		{5CD1BAB7-31C4-4428-8350-398A4B2005CD}.Debug|x86.ActiveCfg = Debug|Any CPU
		{5CD1BAB7-31C4-4428-8350-398A4B2005CD}.Debug|x86.Build.0 = Debug|Any CPU
		{5CD1BAB7-31C4-4428-8350-398A4B2005CD}.Release|Any CPU.ActiveCfg = Release|Any CPU
		{5CD1BAB7-31C4-4428-8350-398A4B2005CD}.Release|Any CPU.Build.0 = Release|Any CPU
		{5CD1BAB7-31C4-4428-8350-398A4B2005CD}.Release|x64.ActiveCfg = Release|Any CPU
		{5CD1BAB7-31C4-4428-8350-398A4B2005CD}.Release|x64.Build.0 = Release|Any CPU
		{5CD1BAB7-31C4-4428-8350-398A4B2005CD}.Release|x86.ActiveCfg = Release|Any CPU
		{5CD1BAB7-31C4-4428-8350-398A4B2005CD}.Release|x86.Build.0 = Release|Any CPU
		{3678DAA9-1632-4F8D-8B7A-37FF70F06670}.Debug|Any CPU.ActiveCfg = Debug|Any CPU
		{3678DAA9-1632-4F8D-8B7A-37FF70F06670}.Debug|Any CPU.Build.0 = Debug|Any CPU
		{3678DAA9-1632-4F8D-8B7A-37FF70F06670}.Debug|x64.ActiveCfg = Debug|Any CPU
		{3678DAA9-1632-4F8D-8B7A-37FF70F06670}.Debug|x64.Build.0 = Debug|Any CPU
		{3678DAA9-1632-4F8D-8B7A-37FF70F06670}.Debug|x86.ActiveCfg = Debug|Any CPU
		{3678DAA9-1632-4F8D-8B7A-37FF70F06670}.Debug|x86.Build.0 = Debug|Any CPU
		{3678DAA9-1632-4F8D-8B7A-37FF70F06670}.Release|Any CPU.ActiveCfg = Release|Any CPU
		{3678DAA9-1632-4F8D-8B7A-37FF70F06670}.Release|Any CPU.Build.0 = Release|Any CPU
		{3678DAA9-1632-4F8D-8B7A-37FF70F06670}.Release|x64.ActiveCfg = Release|Any CPU
		{3678DAA9-1632-4F8D-8B7A-37FF70F06670}.Release|x64.Build.0 = Release|Any CPU
		{3678DAA9-1632-4F8D-8B7A-37FF70F06670}.Release|x86.ActiveCfg = Release|Any CPU
		{3678DAA9-1632-4F8D-8B7A-37FF70F06670}.Release|x86.Build.0 = Release|Any CPU
		{A3B4A30F-AD18-4BB1-A459-63C343794F7D}.Debug|Any CPU.ActiveCfg = Debug|Any CPU
		{A3B4A30F-AD18-4BB1-A459-63C343794F7D}.Debug|Any CPU.Build.0 = Debug|Any CPU
		{A3B4A30F-AD18-4BB1-A459-63C343794F7D}.Debug|x64.ActiveCfg = Debug|Any CPU
		{A3B4A30F-AD18-4BB1-A459-63C343794F7D}.Debug|x64.Build.0 = Debug|Any CPU
		{A3B4A30F-AD18-4BB1-A459-63C343794F7D}.Debug|x86.ActiveCfg = Debug|Any CPU
		{A3B4A30F-AD18-4BB1-A459-63C343794F7D}.Debug|x86.Build.0 = Debug|Any CPU
		{A3B4A30F-AD18-4BB1-A459-63C343794F7D}.Release|Any CPU.ActiveCfg = Release|Any CPU
		{A3B4A30F-AD18-4BB1-A459-63C343794F7D}.Release|Any CPU.Build.0 = Release|Any CPU
		{A3B4A30F-AD18-4BB1-A459-63C343794F7D}.Release|x64.ActiveCfg = Release|Any CPU
		{A3B4A30F-AD18-4BB1-A459-63C343794F7D}.Release|x64.Build.0 = Release|Any CPU
		{A3B4A30F-AD18-4BB1-A459-63C343794F7D}.Release|x86.ActiveCfg = Release|Any CPU
		{A3B4A30F-AD18-4BB1-A459-63C343794F7D}.Release|x86.Build.0 = Release|Any CPU
		{0B76D825-C89D-411E-8AFE-A06542709FF3}.Debug|Any CPU.ActiveCfg = Debug|Any CPU
		{0B76D825-C89D-411E-8AFE-A06542709FF3}.Debug|Any CPU.Build.0 = Debug|Any CPU
		{0B76D825-C89D-411E-8AFE-A06542709FF3}.Debug|x64.ActiveCfg = Debug|Any CPU
		{0B76D825-C89D-411E-8AFE-A06542709FF3}.Debug|x64.Build.0 = Debug|Any CPU
		{0B76D825-C89D-411E-8AFE-A06542709FF3}.Debug|x86.ActiveCfg = Debug|Any CPU
		{0B76D825-C89D-411E-8AFE-A06542709FF3}.Debug|x86.Build.0 = Debug|Any CPU
		{0B76D825-C89D-411E-8AFE-A06542709FF3}.Release|Any CPU.ActiveCfg = Release|Any CPU
		{0B76D825-C89D-411E-8AFE-A06542709FF3}.Release|Any CPU.Build.0 = Release|Any CPU
		{0B76D825-C89D-411E-8AFE-A06542709FF3}.Release|x64.ActiveCfg = Release|Any CPU
		{0B76D825-C89D-411E-8AFE-A06542709FF3}.Release|x64.Build.0 = Release|Any CPU
		{0B76D825-C89D-411E-8AFE-A06542709FF3}.Release|x86.ActiveCfg = Release|Any CPU
		{0B76D825-C89D-411E-8AFE-A06542709FF3}.Release|x86.Build.0 = Release|Any CPU
		{D2843697-F848-4B2C-993C-564385B2E5CF}.Debug|Any CPU.ActiveCfg = Debug|Any CPU
		{D2843697-F848-4B2C-993C-564385B2E5CF}.Debug|Any CPU.Build.0 = Debug|Any CPU
		{D2843697-F848-4B2C-993C-564385B2E5CF}.Debug|x64.ActiveCfg = Debug|Any CPU
		{D2843697-F848-4B2C-993C-564385B2E5CF}.Debug|x64.Build.0 = Debug|Any CPU
		{D2843697-F848-4B2C-993C-564385B2E5CF}.Debug|x86.ActiveCfg = Debug|Any CPU
		{D2843697-F848-4B2C-993C-564385B2E5CF}.Debug|x86.Build.0 = Debug|Any CPU
		{D2843697-F848-4B2C-993C-564385B2E5CF}.Release|Any CPU.ActiveCfg = Release|Any CPU
		{D2843697-F848-4B2C-993C-564385B2E5CF}.Release|Any CPU.Build.0 = Release|Any CPU
		{D2843697-F848-4B2C-993C-564385B2E5CF}.Release|x64.ActiveCfg = Release|Any CPU
		{D2843697-F848-4B2C-993C-564385B2E5CF}.Release|x64.Build.0 = Release|Any CPU
		{D2843697-F848-4B2C-993C-564385B2E5CF}.Release|x86.ActiveCfg = Release|Any CPU
		{D2843697-F848-4B2C-993C-564385B2E5CF}.Release|x86.Build.0 = Release|Any CPU
		{64FB830C-7A55-41F0-9E17-4091DDE215F6}.Debug|Any CPU.ActiveCfg = Debug|Any CPU
		{64FB830C-7A55-41F0-9E17-4091DDE215F6}.Debug|Any CPU.Build.0 = Debug|Any CPU
		{64FB830C-7A55-41F0-9E17-4091DDE215F6}.Debug|x64.ActiveCfg = Debug|Any CPU
		{64FB830C-7A55-41F0-9E17-4091DDE215F6}.Debug|x64.Build.0 = Debug|Any CPU
		{64FB830C-7A55-41F0-9E17-4091DDE215F6}.Debug|x86.ActiveCfg = Debug|Any CPU
		{64FB830C-7A55-41F0-9E17-4091DDE215F6}.Debug|x86.Build.0 = Debug|Any CPU
		{64FB830C-7A55-41F0-9E17-4091DDE215F6}.Release|Any CPU.ActiveCfg = Release|Any CPU
		{64FB830C-7A55-41F0-9E17-4091DDE215F6}.Release|Any CPU.Build.0 = Release|Any CPU
		{64FB830C-7A55-41F0-9E17-4091DDE215F6}.Release|x64.ActiveCfg = Release|Any CPU
		{64FB830C-7A55-41F0-9E17-4091DDE215F6}.Release|x64.Build.0 = Release|Any CPU
		{64FB830C-7A55-41F0-9E17-4091DDE215F6}.Release|x86.ActiveCfg = Release|Any CPU
		{64FB830C-7A55-41F0-9E17-4091DDE215F6}.Release|x86.Build.0 = Release|Any CPU
		{7D479378-2AF5-4441-9C53-9701B55E047B}.Debug|Any CPU.ActiveCfg = Debug|Any CPU
		{7D479378-2AF5-4441-9C53-9701B55E047B}.Debug|Any CPU.Build.0 = Debug|Any CPU
		{7D479378-2AF5-4441-9C53-9701B55E047B}.Debug|x64.ActiveCfg = Debug|Any CPU
		{7D479378-2AF5-4441-9C53-9701B55E047B}.Debug|x64.Build.0 = Debug|Any CPU
		{7D479378-2AF5-4441-9C53-9701B55E047B}.Debug|x86.ActiveCfg = Debug|Any CPU
		{7D479378-2AF5-4441-9C53-9701B55E047B}.Debug|x86.Build.0 = Debug|Any CPU
		{7D479378-2AF5-4441-9C53-9701B55E047B}.Release|Any CPU.ActiveCfg = Release|Any CPU
		{7D479378-2AF5-4441-9C53-9701B55E047B}.Release|Any CPU.Build.0 = Release|Any CPU
		{7D479378-2AF5-4441-9C53-9701B55E047B}.Release|x64.ActiveCfg = Release|Any CPU
		{7D479378-2AF5-4441-9C53-9701B55E047B}.Release|x64.Build.0 = Release|Any CPU
		{7D479378-2AF5-4441-9C53-9701B55E047B}.Release|x86.ActiveCfg = Release|Any CPU
		{7D479378-2AF5-4441-9C53-9701B55E047B}.Release|x86.Build.0 = Release|Any CPU
		{FE10F8B8-C631-4376-A45A-FA5A00DDAA89}.Debug|Any CPU.ActiveCfg = Debug|Any CPU
		{FE10F8B8-C631-4376-A45A-FA5A00DDAA89}.Debug|Any CPU.Build.0 = Debug|Any CPU
		{FE10F8B8-C631-4376-A45A-FA5A00DDAA89}.Debug|x64.ActiveCfg = Debug|Any CPU
		{FE10F8B8-C631-4376-A45A-FA5A00DDAA89}.Debug|x64.Build.0 = Debug|Any CPU
		{FE10F8B8-C631-4376-A45A-FA5A00DDAA89}.Debug|x86.ActiveCfg = Debug|Any CPU
		{FE10F8B8-C631-4376-A45A-FA5A00DDAA89}.Debug|x86.Build.0 = Debug|Any CPU
		{FE10F8B8-C631-4376-A45A-FA5A00DDAA89}.Release|Any CPU.ActiveCfg = Release|Any CPU
		{FE10F8B8-C631-4376-A45A-FA5A00DDAA89}.Release|Any CPU.Build.0 = Release|Any CPU
		{FE10F8B8-C631-4376-A45A-FA5A00DDAA89}.Release|x64.ActiveCfg = Release|Any CPU
		{FE10F8B8-C631-4376-A45A-FA5A00DDAA89}.Release|x64.Build.0 = Release|Any CPU
		{FE10F8B8-C631-4376-A45A-FA5A00DDAA89}.Release|x86.ActiveCfg = Release|Any CPU
		{FE10F8B8-C631-4376-A45A-FA5A00DDAA89}.Release|x86.Build.0 = Release|Any CPU
		{622F2E47-2995-4ED4-81EB-41A86B6A4DCE}.Debug|Any CPU.ActiveCfg = Debug|Any CPU
		{622F2E47-2995-4ED4-81EB-41A86B6A4DCE}.Debug|Any CPU.Build.0 = Debug|Any CPU
		{622F2E47-2995-4ED4-81EB-41A86B6A4DCE}.Debug|x64.ActiveCfg = Debug|Any CPU
		{622F2E47-2995-4ED4-81EB-41A86B6A4DCE}.Debug|x64.Build.0 = Debug|Any CPU
		{622F2E47-2995-4ED4-81EB-41A86B6A4DCE}.Debug|x86.ActiveCfg = Debug|Any CPU
		{622F2E47-2995-4ED4-81EB-41A86B6A4DCE}.Debug|x86.Build.0 = Debug|Any CPU
		{622F2E47-2995-4ED4-81EB-41A86B6A4DCE}.Release|Any CPU.ActiveCfg = Release|Any CPU
		{622F2E47-2995-4ED4-81EB-41A86B6A4DCE}.Release|Any CPU.Build.0 = Release|Any CPU
		{622F2E47-2995-4ED4-81EB-41A86B6A4DCE}.Release|x64.ActiveCfg = Release|Any CPU
		{622F2E47-2995-4ED4-81EB-41A86B6A4DCE}.Release|x64.Build.0 = Release|Any CPU
		{622F2E47-2995-4ED4-81EB-41A86B6A4DCE}.Release|x86.ActiveCfg = Release|Any CPU
		{622F2E47-2995-4ED4-81EB-41A86B6A4DCE}.Release|x86.Build.0 = Release|Any CPU
		{6C625186-50AA-4B1C-87E7-54119044286A}.Debug|Any CPU.ActiveCfg = Debug|Any CPU
		{6C625186-50AA-4B1C-87E7-54119044286A}.Debug|Any CPU.Build.0 = Debug|Any CPU
		{6C625186-50AA-4B1C-87E7-54119044286A}.Debug|x64.ActiveCfg = Debug|Any CPU
		{6C625186-50AA-4B1C-87E7-54119044286A}.Debug|x64.Build.0 = Debug|Any CPU
		{6C625186-50AA-4B1C-87E7-54119044286A}.Debug|x86.ActiveCfg = Debug|Any CPU
		{6C625186-50AA-4B1C-87E7-54119044286A}.Debug|x86.Build.0 = Debug|Any CPU
		{6C625186-50AA-4B1C-87E7-54119044286A}.Release|Any CPU.ActiveCfg = Release|Any CPU
		{6C625186-50AA-4B1C-87E7-54119044286A}.Release|Any CPU.Build.0 = Release|Any CPU
		{6C625186-50AA-4B1C-87E7-54119044286A}.Release|x64.ActiveCfg = Release|Any CPU
		{6C625186-50AA-4B1C-87E7-54119044286A}.Release|x64.Build.0 = Release|Any CPU
		{6C625186-50AA-4B1C-87E7-54119044286A}.Release|x86.ActiveCfg = Release|Any CPU
		{6C625186-50AA-4B1C-87E7-54119044286A}.Release|x86.Build.0 = Release|Any CPU
		{1CD3A05F-C1D8-4F44-8726-B86D2D96C8C3}.Debug|Any CPU.ActiveCfg = Debug|Any CPU
		{1CD3A05F-C1D8-4F44-8726-B86D2D96C8C3}.Debug|Any CPU.Build.0 = Debug|Any CPU
		{1CD3A05F-C1D8-4F44-8726-B86D2D96C8C3}.Debug|x64.ActiveCfg = Debug|Any CPU
		{1CD3A05F-C1D8-4F44-8726-B86D2D96C8C3}.Debug|x64.Build.0 = Debug|Any CPU
		{1CD3A05F-C1D8-4F44-8726-B86D2D96C8C3}.Debug|x86.ActiveCfg = Debug|Any CPU
		{1CD3A05F-C1D8-4F44-8726-B86D2D96C8C3}.Debug|x86.Build.0 = Debug|Any CPU
		{1CD3A05F-C1D8-4F44-8726-B86D2D96C8C3}.Release|Any CPU.ActiveCfg = Release|Any CPU
		{1CD3A05F-C1D8-4F44-8726-B86D2D96C8C3}.Release|Any CPU.Build.0 = Release|Any CPU
		{1CD3A05F-C1D8-4F44-8726-B86D2D96C8C3}.Release|x64.ActiveCfg = Release|Any CPU
		{1CD3A05F-C1D8-4F44-8726-B86D2D96C8C3}.Release|x64.Build.0 = Release|Any CPU
		{1CD3A05F-C1D8-4F44-8726-B86D2D96C8C3}.Release|x86.ActiveCfg = Release|Any CPU
		{1CD3A05F-C1D8-4F44-8726-B86D2D96C8C3}.Release|x86.Build.0 = Release|Any CPU
		{607B1E36-D9D9-4396-90FA-DFB093FC2272}.Debug|Any CPU.ActiveCfg = Debug|Any CPU
		{607B1E36-D9D9-4396-90FA-DFB093FC2272}.Debug|Any CPU.Build.0 = Debug|Any CPU
		{607B1E36-D9D9-4396-90FA-DFB093FC2272}.Debug|x64.ActiveCfg = Debug|Any CPU
		{607B1E36-D9D9-4396-90FA-DFB093FC2272}.Debug|x64.Build.0 = Debug|Any CPU
		{607B1E36-D9D9-4396-90FA-DFB093FC2272}.Debug|x86.ActiveCfg = Debug|Any CPU
		{607B1E36-D9D9-4396-90FA-DFB093FC2272}.Debug|x86.Build.0 = Debug|Any CPU
		{607B1E36-D9D9-4396-90FA-DFB093FC2272}.Release|Any CPU.ActiveCfg = Release|Any CPU
		{607B1E36-D9D9-4396-90FA-DFB093FC2272}.Release|Any CPU.Build.0 = Release|Any CPU
		{607B1E36-D9D9-4396-90FA-DFB093FC2272}.Release|x64.ActiveCfg = Release|Any CPU
		{607B1E36-D9D9-4396-90FA-DFB093FC2272}.Release|x64.Build.0 = Release|Any CPU
		{607B1E36-D9D9-4396-90FA-DFB093FC2272}.Release|x86.ActiveCfg = Release|Any CPU
		{607B1E36-D9D9-4396-90FA-DFB093FC2272}.Release|x86.Build.0 = Release|Any CPU
		{5FD27631-1B11-4988-9010-557B2EA15D3D}.Debug|Any CPU.ActiveCfg = Debug|Any CPU
		{5FD27631-1B11-4988-9010-557B2EA15D3D}.Debug|Any CPU.Build.0 = Debug|Any CPU
		{5FD27631-1B11-4988-9010-557B2EA15D3D}.Debug|x64.ActiveCfg = Debug|Any CPU
		{5FD27631-1B11-4988-9010-557B2EA15D3D}.Debug|x64.Build.0 = Debug|Any CPU
		{5FD27631-1B11-4988-9010-557B2EA15D3D}.Debug|x86.ActiveCfg = Debug|Any CPU
		{5FD27631-1B11-4988-9010-557B2EA15D3D}.Debug|x86.Build.0 = Debug|Any CPU
		{5FD27631-1B11-4988-9010-557B2EA15D3D}.Release|Any CPU.ActiveCfg = Release|Any CPU
		{5FD27631-1B11-4988-9010-557B2EA15D3D}.Release|Any CPU.Build.0 = Release|Any CPU
		{5FD27631-1B11-4988-9010-557B2EA15D3D}.Release|x64.ActiveCfg = Release|Any CPU
		{5FD27631-1B11-4988-9010-557B2EA15D3D}.Release|x64.Build.0 = Release|Any CPU
		{5FD27631-1B11-4988-9010-557B2EA15D3D}.Release|x86.ActiveCfg = Release|Any CPU
		{5FD27631-1B11-4988-9010-557B2EA15D3D}.Release|x86.Build.0 = Release|Any CPU
		{BC309A39-16E2-4EFB-93F0-226C77F8D92A}.Debug|Any CPU.ActiveCfg = Debug|Any CPU
		{BC309A39-16E2-4EFB-93F0-226C77F8D92A}.Debug|Any CPU.Build.0 = Debug|Any CPU
		{BC309A39-16E2-4EFB-93F0-226C77F8D92A}.Debug|x64.ActiveCfg = Debug|Any CPU
		{BC309A39-16E2-4EFB-93F0-226C77F8D92A}.Debug|x64.Build.0 = Debug|Any CPU
		{BC309A39-16E2-4EFB-93F0-226C77F8D92A}.Debug|x86.ActiveCfg = Debug|Any CPU
		{BC309A39-16E2-4EFB-93F0-226C77F8D92A}.Debug|x86.Build.0 = Debug|Any CPU
		{BC309A39-16E2-4EFB-93F0-226C77F8D92A}.Release|Any CPU.ActiveCfg = Release|Any CPU
		{BC309A39-16E2-4EFB-93F0-226C77F8D92A}.Release|Any CPU.Build.0 = Release|Any CPU
		{BC309A39-16E2-4EFB-93F0-226C77F8D92A}.Release|x64.ActiveCfg = Release|Any CPU
		{BC309A39-16E2-4EFB-93F0-226C77F8D92A}.Release|x64.Build.0 = Release|Any CPU
		{BC309A39-16E2-4EFB-93F0-226C77F8D92A}.Release|x86.ActiveCfg = Release|Any CPU
		{BC309A39-16E2-4EFB-93F0-226C77F8D92A}.Release|x86.Build.0 = Release|Any CPU
	EndGlobalSection
	GlobalSection(SolutionProperties) = preSolution
		HideSolutionNode = FALSE
	EndGlobalSection
	GlobalSection(NestedProjects) = preSolution
		{12A084A0-B93E-423A-6F6B-2DD437B5DD75} = {827E0CD3-B72D-47B6-A68D-7590B98EB39B}
		{B137764D-4839-4377-BB7B-F2313D3E3E7B} = {12A084A0-B93E-423A-6F6B-2DD437B5DD75}
		{3C6E0A3B-411E-437C-994B-7C9A70AA43DE} = {0AB3BF05-4346-4AA6-1389-037BE0695223}
		{90298CBA-BD6F-3A0A-69D5-97CAD7B05E7E} = {827E0CD3-B72D-47B6-A68D-7590B98EB39B}
		{387768DF-BBF6-48D1-9E78-F0746F134A7C} = {90298CBA-BD6F-3A0A-69D5-97CAD7B05E7E}
		{03997797-E7F5-0643-168D-B8EA7178C2FE} = {827E0CD3-B72D-47B6-A68D-7590B98EB39B}
		{A44C394D-DF0E-4818-B803-6BDFC03FAF3C} = {03997797-E7F5-0643-168D-B8EA7178C2FE}
		{984BB9B3-3FA3-BE33-9484-CAC21695A33C} = {827E0CD3-B72D-47B6-A68D-7590B98EB39B}
		{C91C1CF1-1625-0789-F869-53D87D6277BA} = {984BB9B3-3FA3-BE33-9484-CAC21695A33C}
		{C9501CCD-8002-4268-B3E8-6AB34F26F496} = {C91C1CF1-1625-0789-F869-53D87D6277BA}
		{07E65829-5724-40E4-8C3D-B679AACF783E} = {C91C1CF1-1625-0789-F869-53D87D6277BA}
		{8DB7044E-6DB3-4ACB-9816-2F601EC61BCA} = {C91C1CF1-1625-0789-F869-53D87D6277BA}
		{759B4934-1F32-4A18-839B-5DF75D7700C5} = {C91C1CF1-1625-0789-F869-53D87D6277BA}
		{D3BAB01C-7F3F-8576-96BE-8BE70C9B9915} = {984BB9B3-3FA3-BE33-9484-CAC21695A33C}
		{E811609A-AB7B-4496-B814-9E46EB0570C7} = {D3BAB01C-7F3F-8576-96BE-8BE70C9B9915}
		{D2641FF5-C448-4021-A893-8F5844BF7B6D} = {C91C1CF1-1625-0789-F869-53D87D6277BA}
		{B67320B9-0199-460D-BD1E-A1F922B2CAF7} = {D3BAB01C-7F3F-8576-96BE-8BE70C9B9915}
		{A1E0B825-2C5F-46A3-BBA9-AED565EA4777} = {D3BAB01C-7F3F-8576-96BE-8BE70C9B9915}
		{25BA736A-3576-4C58-B0B0-A41E11DDE9E2} = {D3BAB01C-7F3F-8576-96BE-8BE70C9B9915}
		{0066B76B-FC9F-4F6A-B51B-18548ED54AB7} = {D3BAB01C-7F3F-8576-96BE-8BE70C9B9915}
		{6306A8FB-679E-111F-6585-8F70E0EE6013} = {827E0CD3-B72D-47B6-A68D-7590B98EB39B}
		{B6FC8DDE-E6E4-445C-8467-47F6BA2082A4} = {6306A8FB-679E-111F-6585-8F70E0EE6013}
		{FE5F7021-A3C9-35C7-FF50-8DA81625868E} = {827E0CD3-B72D-47B6-A68D-7590B98EB39B}
		{B3A31961-C33A-BA76-F2D4-83077095AA20} = {FE5F7021-A3C9-35C7-FF50-8DA81625868E}
		{0A68D070-74F5-4EA4-A335-E583F35C15EC} = {B3A31961-C33A-BA76-F2D4-83077095AA20}
		{77FB7518-0081-4230-A3BD-3F511C4C8585} = {90298CBA-BD6F-3A0A-69D5-97CAD7B05E7E}
		{796DBCEC-433D-4F1A-9200-353698944070} = {90298CBA-BD6F-3A0A-69D5-97CAD7B05E7E}
		{0FD58F9F-BFA2-40EC-BDCC-3808F4BC732F} = {90298CBA-BD6F-3A0A-69D5-97CAD7B05E7E}
		{DCB6FCB8-FF92-AC57-0842-1F72A354D6B1} = {827E0CD3-B72D-47B6-A68D-7590B98EB39B}
		{17B0812C-F055-448F-B6F9-BA390F68B230} = {DCB6FCB8-FF92-AC57-0842-1F72A354D6B1}
		{5C32F42E-069B-405C-AA66-F764C4D16E07} = {0AB3BF05-4346-4AA6-1389-037BE0695223}
		{4C488DEE-F382-4492-B3D4-2A80222B1394} = {DCB6FCB8-FF92-AC57-0842-1F72A354D6B1}
		{9F046B24-C9A7-4797-B1B0-404F91DBBD28} = {DCB6FCB8-FF92-AC57-0842-1F72A354D6B1}
		{C749781B-17F1-4D76-9F16-5773AAE42DE8} = {90298CBA-BD6F-3A0A-69D5-97CAD7B05E7E}
		{0E31FD53-BBC6-4303-9DCF-7B98ED5EDC19} = {90298CBA-BD6F-3A0A-69D5-97CAD7B05E7E}
		{4DF80442-A1E5-CC28-AE7B-27B5F9BFE52B} = {827E0CD3-B72D-47B6-A68D-7590B98EB39B}
		{07DA33CC-A8AA-60FC-D754-70A8D48C19F2} = {4DF80442-A1E5-CC28-AE7B-27B5F9BFE52B}
		{A0CB6C43-4C1D-45B4-A478-3A82A8A3343C} = {07DA33CC-A8AA-60FC-D754-70A8D48C19F2}
		{15ABD8A4-94B2-4F9F-8F62-9A67925349E7} = {07DA33CC-A8AA-60FC-D754-70A8D48C19F2}
		{5CB391BA-A3FD-4E63-B8C7-56831CDCCCD5} = {07DA33CC-A8AA-60FC-D754-70A8D48C19F2}
		{B152DF44-2E7E-405A-9167-94AEED66E97C} = {07DA33CC-A8AA-60FC-D754-70A8D48C19F2}
		{753E2B0C-4F11-407B-BA4E-EF25210B3DA6} = {07DA33CC-A8AA-60FC-D754-70A8D48C19F2}
		{C1B80A90-510D-A1C6-0FC4-3F6BAD674E9B} = {4DF80442-A1E5-CC28-AE7B-27B5F9BFE52B}
		{7C5C72FE-38C4-40CA-85FE-1231B90A2E53} = {C1B80A90-510D-A1C6-0FC4-3F6BAD674E9B}
		{E7813BF6-A229-445A-BCC8-35494F2CF5AF} = {C1B80A90-510D-A1C6-0FC4-3F6BAD674E9B}
		{3FBD2E39-8F88-44F8-8264-FA682094D0A3} = {C1B80A90-510D-A1C6-0FC4-3F6BAD674E9B}
		{D0FD130B-D67E-4F50-BE82-82BF5A8AC026} = {C1B80A90-510D-A1C6-0FC4-3F6BAD674E9B}
		{80148782-1AFE-4793-8276-2C5EDCF160B6} = {C1B80A90-510D-A1C6-0FC4-3F6BAD674E9B}
		{602FEBD5-9075-D83C-AC19-BAE2AF952025} = {4DF80442-A1E5-CC28-AE7B-27B5F9BFE52B}
		{87D61594-A03F-4659-B07A-445BAB112D20} = {602FEBD5-9075-D83C-AC19-BAE2AF952025}
		{780F83ED-ADA6-4BC5-893D-56FC5A4E8EC1} = {602FEBD5-9075-D83C-AC19-BAE2AF952025}
		{680B2FBB-4ED0-4853-923A-2FB372215CD7} = {602FEBD5-9075-D83C-AC19-BAE2AF952025}
		{9EF22F5C-5F70-4082-A8F5-98B3BE15BB84} = {C1B80A90-510D-A1C6-0FC4-3F6BAD674E9B}
		{6A4ADE92-BA8C-48FB-9C04-8DFFC6E8D82F} = {602FEBD5-9075-D83C-AC19-BAE2AF952025}
		{BDC02B29-2DC4-4909-A2B7-FF94C5FA7DEF} = {602FEBD5-9075-D83C-AC19-BAE2AF952025}
		{CF207909-A53A-4841-8933-0F2FA9B6E75F} = {602FEBD5-9075-D83C-AC19-BAE2AF952025}
		{D004483D-5740-815D-776B-762472EC3808} = {4DF80442-A1E5-CC28-AE7B-27B5F9BFE52B}
		{6B9AE737-96BD-497F-A0D9-20E8ACC44DD7} = {D004483D-5740-815D-776B-762472EC3808}
		{23CD2592-598B-4A26-8181-816AF17F9938} = {D004483D-5740-815D-776B-762472EC3808}
		{F3DCE2E0-ED0D-43BC-AF38-F9145DA9D86E} = {D004483D-5740-815D-776B-762472EC3808}
		{890008DC-8A5C-4CAE-861A-7D746FF92658} = {D004483D-5740-815D-776B-762472EC3808}
		{29BF4F1A-F56A-44EF-BF53-2C22ED2BC015} = {D004483D-5740-815D-776B-762472EC3808}
		{E685F5FC-5F67-FEDD-627F-1377915A6A44} = {4DF80442-A1E5-CC28-AE7B-27B5F9BFE52B}
		{945C555C-70CA-4F16-8E84-A5B5A2747FE7} = {E685F5FC-5F67-FEDD-627F-1377915A6A44}
		{904AB9A3-638C-4798-8E62-E40A85635537} = {E685F5FC-5F67-FEDD-627F-1377915A6A44}
		{820DF9F6-1254-4F18-B01A-083E010C205C} = {E685F5FC-5F67-FEDD-627F-1377915A6A44}
		{E47AC7B8-1D9E-4870-A156-BBE36A2C89EE} = {E685F5FC-5F67-FEDD-627F-1377915A6A44}
		{ABF843AA-7C5C-42CD-AC8F-E89E4CEF5B94} = {E685F5FC-5F67-FEDD-627F-1377915A6A44}
		{14E5CCA5-F1A0-2DB3-1E0D-1832EE75668E} = {4DF80442-A1E5-CC28-AE7B-27B5F9BFE52B}
		{860464F6-21F7-46D6-82CC-7E5D3D6B918E} = {14E5CCA5-F1A0-2DB3-1E0D-1832EE75668E}
		{BC1F7CB9-4C93-ED52-A0A7-5C04402ED1C7} = {4DF80442-A1E5-CC28-AE7B-27B5F9BFE52B}
		{70E85FAD-138D-4BB2-ACB3-0E0F9BF66973} = {BC1F7CB9-4C93-ED52-A0A7-5C04402ED1C7}
		{A0708BC7-48AF-4190-88D5-D6F87B19A9C3} = {14E5CCA5-F1A0-2DB3-1E0D-1832EE75668E}
		{5CD1BAB7-31C4-4428-8350-398A4B2005CD} = {14E5CCA5-F1A0-2DB3-1E0D-1832EE75668E}
		{3678DAA9-1632-4F8D-8B7A-37FF70F06670} = {BC1F7CB9-4C93-ED52-A0A7-5C04402ED1C7}
		{A3B4A30F-AD18-4BB1-A459-63C343794F7D} = {BC1F7CB9-4C93-ED52-A0A7-5C04402ED1C7}
		{0B76D825-C89D-411E-8AFE-A06542709FF3} = {14E5CCA5-F1A0-2DB3-1E0D-1832EE75668E}
		{D2843697-F848-4B2C-993C-564385B2E5CF} = {14E5CCA5-F1A0-2DB3-1E0D-1832EE75668E}
		{64FB830C-7A55-41F0-9E17-4091DDE215F6} = {BC1F7CB9-4C93-ED52-A0A7-5C04402ED1C7}
		{7D479378-2AF5-4441-9C53-9701B55E047B} = {BC1F7CB9-4C93-ED52-A0A7-5C04402ED1C7}
		{FE10F8B8-C631-4376-A45A-FA5A00DDAA89} = {DCB6FCB8-FF92-AC57-0842-1F72A354D6B1}
		{622F2E47-2995-4ED4-81EB-41A86B6A4DCE} = {DCB6FCB8-FF92-AC57-0842-1F72A354D6B1}
		{6C625186-50AA-4B1C-87E7-54119044286A} = {DCB6FCB8-FF92-AC57-0842-1F72A354D6B1}
		{1CD3A05F-C1D8-4F44-8726-B86D2D96C8C3} = {DCB6FCB8-FF92-AC57-0842-1F72A354D6B1}
		{607B1E36-D9D9-4396-90FA-DFB093FC2272} = {DCB6FCB8-FF92-AC57-0842-1F72A354D6B1}
		{5FD27631-1B11-4988-9010-557B2EA15D3D} = {DCB6FCB8-FF92-AC57-0842-1F72A354D6B1}
		{BC309A39-16E2-4EFB-93F0-226C77F8D92A} = {DCB6FCB8-FF92-AC57-0842-1F72A354D6B1}
	EndGlobalSection
EndGlobal
